{
  "version": 4,
  "terraform_version": "0.13.5",
  "serial": 53,
  "lineage": "d5cd0de3-9d6b-3d9a-0a2b-ddef6a6036df",
  "outputs": {
    "client_certificate": {
      "value": "-----BEGIN CERTIFICATE-----\nMIIC+zCCAeOgAwIBAgIQe1vN1sp0+C2s1z8Vh+7nYTANBgkqhkiG9w0BAQsFADAv\nMS0wKwYDVQQDEyRhMDRiMGNhZC0wMzZmLTRjMTItOWZiNC1kMTVjM2UzNzIzNWYw\nHhcNMjAxMDMwMjIwNDI1WhcNMjUxMDI5MjIwNDI1WjARMQ8wDQYDVQQDEwZjbGll\nbnQwggEiMA0GCSqGSIb3DQEBAQUAA4IBDwAwggEKAoIBAQC36XOKpEvXxfledOPE\nIfvnGDsvBRpQ/DDKwRFmi0awxkDXvDUSxQT3/dplh5mGKwbf9n3eT5LGtHFn/Fu1\nMPz485kOVGbxHdJa+VvqZyjEPs8HBWUP36IwbZOpLbwErNlBvhgotLEoQ0ndlWFH\nTLb2rPTjNVvxGrxmK1r5JYIScySV6gSksRg9nJAWydDXHLuqqRO5iZoLFYjZvfwN\nN79E35hb2HzeI3ksbFnh5OIvuyW1d6j4zEDs/Md73emzvkHOj3D2rNlgLsNr24kx\nKvXG6mShFGDCo3jEdxuAMcG6LXbskQk1/hRnDSIFgNWXWvUTXUh2XRh2f61H0GiG\n3cUbAgMBAAGjMTAvMAwGA1UdEwEB/wQCMAAwHwYDVR0jBBgwFoAUvdfBx5xdHKbv\n2BctzvRhc64Xyw0wDQYJKoZIhvcNAQELBQADggEBADLtdHU+9u2ouY+tBKmEMXKu\nqruJCloHhbr3qYjDSP87wgVyxpGHKS5HE0RudYGTD7GJm4Sbfyw5+pHSXEYWeyVg\nDnjDt1xhBlF8fvtwM6XlhaGwVpAYLKL4680yIMYp4y08xtaODuY3rPgOTtEEQatB\nIcFPRQr7pfq5dWe9ENdFBsf6o9yVUaX7rEjl5PqQzKyt2ii6RatQy2v9EhnA3u6G\nKSSALMNMd6R+J/tkpF6sCoqNCDOxfvQae8AHoIUh1T+zY0QLEklXFTu3DBSwO2y9\ncuuptUwczLFTQwcBWbIO1DiZj+8QRffru0j9Y+Obw6hhO8VIUUqTa3r6jSz0bUo=\n-----END CERTIFICATE-----\n",
      "type": "string"
    },
    "client_key": {
      "value": "-----BEGIN RSA PRIVATE KEY-----\nMIIEowIBAAKCAQEAt+lziqRL18X5XnTjxCH75xg7LwUaUPwwysERZotGsMZA17w1\nEsUE9/3aZYeZhisG3/Z93k+SxrRxZ/xbtTD8+POZDlRm8R3SWvlb6mcoxD7PBwVl\nD9+iMG2TqS28BKzZQb4YKLSxKENJ3ZVhR0y29qz04zVb8Rq8Zita+SWCEnMkleoE\npLEYPZyQFsnQ1xy7qqkTuYmaCxWI2b38DTe/RN+YW9h83iN5LGxZ4eTiL7sltXeo\n+MxA7PzHe93ps75Bzo9w9qzZYC7Da9uJMSr1xupkoRRgwqN4xHcbgDHBui127JEJ\nNf4UZw0iBYDVl1r1E11Idl0Ydn+tR9Boht3FGwIDAQABAoIBABYjDwnKoehsh4oj\nlsDmeExGQeV0f0jtOjBFkgMeU5l2m5p8KIVEWsdA8pdS/ZtFNZQitt7aBChP0vC5\n0w4ZwfFzXOJ5LVTrioTxy+sIlMMebkwBjbsd54ddwS7VdvK3HYWIzJ6ltUdL5im6\nT9XFuaYyhl2M8C6y0aeYo2Am8COpLMarDTqHWRkd5mMJ5lQ4oID4vfDMUQKUa+oS\nJR91/aKUL7sI1fXE7QdGI3BYecy6qZXDplyEGVF/tKoS7rGN9PmlkPe7WfpagBCv\nphrHAhcZXjjdpaUoIUzFB8zPKslsDZNRwyMkTPb07DUKW8kaVTHXQ+nN63YuctRf\nIZT+YrECgYEA9Uid3V97Rv7ZYujDkZNK/CYNwSm7noFoJqn8AGhKqIzBp923SPFa\n3ELdxXp9WUGaPhs/Rl3KJnb0RCztCCHLGP6I46D+WLK/WwV5ef8ytdvBOAZDqGEL\n5etBNWs7hJGzAthzr76U8srvMWq9P3sfkByvWPvsg7Yw3vQhGuZEDvECgYEAv/Jr\nnoeriLL9irWVqHzSvzC1pOh9CVmBCaQEJZ4sH824QZ3EvxO2wSeynG+3Cc7QM6xJ\n33XaA5ATUHJPkXpu6lKD1JtD5/+8JNgri9jNqQta2SmLd3d9C5cs9LTz6lppUZX+\nePbq9AnXg1a96bFD75gdXlEd/16138adqrqcrMsCgYBN37M3IGRcQvcznuDQbCon\nadF+HUjS5xTxCZDXdEUXxDCLoinZv77wJU6RrvTzDI/y3eW16nsOwT+GEZljto7r\nrYw6cNevw3hbZp6NrAcmk9GBfwOmBsGnSoyWcCgiS7vA0IXSKzjQ6LsOPmw9JlL8\nBw9oufr6SjKz5mBIUQkUkQKBgGDEBqsp/Djy+0zFVEhXfSszlC8poXdoLtw8WnbY\ncagq3rv9nGUzvAtORwYEb8M7Bs02CxvjXuAy7vm8Vw6hKW9p39n72FUKIMB2ViWv\nS6bv+YHHJu84RsrkEJ7g5qJ7p+KgemRjHnmeyI4G2cEJQ5VzG0MkI7pM9eV1TKD4\naOnXAoGBAIKdRjIV9ZU7Ok04dSizIyVMjrGJ2JQhZRHoBXWf8QPG80p5pgnXte98\nx9J4BMi84C/hgXOnkOs6WYLaFzg+gKrSbATlr9JMQWWrNtNa5TZOVCWu4IXM29IW\ncvrKi1yRK9BErZV3O/oG3ZPk1t+wQi8oiESBjbASCVIqFUF/eFcL\n-----END RSA PRIVATE KEY-----\n",
      "type": "string"
    },
    "cluster_ca_certificate": {
      "value": "-----BEGIN CERTIFICATE-----\nMIIDKjCCAhKgAwIBAgIQTxYo9TOrMOstMhRQhAieoDANBgkqhkiG9w0BAQsFADAv\nMS0wKwYDVQQDEyRhMDRiMGNhZC0wMzZmLTRjMTItOWZiNC1kMTVjM2UzNzIzNWYw\nHhcNMjAxMDMwMjEwNDI1WhcNMjUxMDI5MjIwNDI1WjAvMS0wKwYDVQQDEyRhMDRi\nMGNhZC0wMzZmLTRjMTItOWZiNC1kMTVjM2UzNzIzNWYwggEiMA0GCSqGSIb3DQEB\nAQUAA4IBDwAwggEKAoIBAQDC2PB6zGabZXBFnfsJTFQQbPFF5mntyOceJ3BN/EtS\nLNjb22MswTY3flO+a52+m6as6rPj7+aspX+YFg5OlshQaCP9w197pM49iWBf3Thj\ne5MN0ijilmRvxkSx/UZKx51yr6mHyRQ9NGug9uphuVXI+ATpMv9ho6VH6Bt476OS\nM8CNqf6u5fsRDGMVpLXngeBwR6pFD12j7/w26FnLe6ZfBho42wRHwYNg9JvEAw4N\n829/xYSF18yZvlEN1En1+cBO4r+uimAvLTpoo+LtBbqvMMJZif5H9vtHktu990Qm\na9kN4qODKjbN/TNi2d7PtXP2rPrRNjQJeHzD4cazs0x7AgMBAAGjQjBAMA4GA1Ud\nDwEB/wQEAwICBDAPBgNVHRMBAf8EBTADAQH/MB0GA1UdDgQWBBS918HHnF0cpu/Y\nFy3O9GFzrhfLDTANBgkqhkiG9w0BAQsFAAOCAQEArj1jBnr2eRvrHk30hXIqjlR2\nPUeb0AoUx+oVJ6GTpdCCiiwSEZqaYwuMV5UAUFg/NTU9+vBuLQ/bkAfD9U8zr3vY\nEeBNbrXgg+syS45VYx90E344b4gFFj4cM+307E1/aWioD606fHg7PDPKl9rCRUpE\nPQPoDQ35k/7dl6R57D4PhAUPE23+Fmz8/5SvrXjx1XGS3mMeui79GhyNSQzdUuEd\n03EDvvTYoUQ5+nab4JkHEWFJNF2Ss0ZDoxaow6tTwivmFyMDzjVi3SYTagh4xdHf\nPsXuaDYG24qfUUNoHFBHtXh60iA2CAKTDyfhiamK+1I5irAD9ggMauyczNufbg==\n-----END CERTIFICATE-----\n",
      "type": "string"
    },
    "endpoint": {
      "value": "35.228.26.213",
      "type": "string"
    },
    "kubernaties_cluster_host": {
      "value": "35.228.26.213",
      "type": "string"
    },
    "kubernetes_cluster_name": {
      "value": "terraform-tutorial-293715-gke",
      "type": "string"
    },
    "password": {
      "value": "",
      "type": "string"
    },
    "region": {
      "value": "europe-north1",
      "type": "string"
    },
    "username": {
      "value": "",
      "type": "string"
    }
  },
  "resources": [
    {
      "mode": "managed",
      "type": "google_compute_network",
      "name": "vpc",
      "provider": "provider[\"registry.terraform.io/hashicorp/google\"]",
      "instances": [
        {
          "schema_version": 0,
          "attributes": {
            "auto_create_subnetworks": false,
            "delete_default_routes_on_create": false,
            "description": "",
            "gateway_ipv4": "",
            "id": "projects/terraform-tutorial-293715/global/networks/terraform-tutorial-293715-vpc",
            "ipv4_range": null,
            "name": "terraform-tutorial-293715-vpc",
            "project": "terraform-tutorial-293715",
            "routing_mode": "REGIONAL",
            "self_link": "https://www.googleapis.com/compute/v1/projects/terraform-tutorial-293715/global/networks/terraform-tutorial-293715-vpc",
            "timeouts": null
          },
          "private": "eyJlMmJmYjczMC1lY2FhLTExZTYtOGY4OC0zNDM2M2JjN2M0YzAiOnsiY3JlYXRlIjoyNDAwMDAwMDAwMDAsImRlbGV0ZSI6MjQwMDAwMDAwMDAwLCJ1cGRhdGUiOjI0MDAwMDAwMDAwMH19"
        }
      ]
    },
    {
      "mode": "managed",
      "type": "google_compute_subnetwork",
      "name": "subnet",
      "provider": "provider[\"registry.terraform.io/hashicorp/google\"]",
      "instances": [
        {
          "schema_version": 0,
          "attributes": {
            "creation_timestamp": "2020-10-30T05:43:32.573-07:00",
            "description": "",
            "enable_flow_logs": null,
            "fingerprint": null,
            "gateway_address": "10.10.0.1",
            "id": "projects/terraform-tutorial-293715/regions/europe-north1/subnetworks/terraform-tutorial-293715-subnet",
            "ip_cidr_range": "10.10.0.0/24",
            "log_config": [],
            "name": "terraform-tutorial-293715-subnet",
            "network": "https://www.googleapis.com/compute/v1/projects/terraform-tutorial-293715/global/networks/terraform-tutorial-293715-vpc",
            "private_ip_google_access": false,
            "project": "terraform-tutorial-293715",
            "region": "europe-north1",
            "secondary_ip_range": [],
            "self_link": "https://www.googleapis.com/compute/v1/projects/terraform-tutorial-293715/regions/europe-north1/subnetworks/terraform-tutorial-293715-subnet",
            "timeouts": null
          },
          "private": "eyJlMmJmYjczMC1lY2FhLTExZTYtOGY4OC0zNDM2M2JjN2M0YzAiOnsiY3JlYXRlIjozNjAwMDAwMDAwMDAsImRlbGV0ZSI6MzYwMDAwMDAwMDAwLCJ1cGRhdGUiOjM2MDAwMDAwMDAwMH19",
          "dependencies": [
            "google_compute_network.vpc"
          ]
        }
      ]
    },
    {
      "mode": "managed",
      "type": "google_container_cluster",
      "name": "primary",
      "provider": "provider[\"registry.terraform.io/hashicorp/google\"]",
      "instances": [
        {
          "schema_version": 1,
          "attributes": {
            "additional_zones": [],
            "addons_config": [
              {
                "horizontal_pod_autoscaling": [],
                "http_load_balancing": [],
                "kubernetes_dashboard": [],
                "network_policy_config": [
                  {
                    "disabled": true
                  }
                ]
              }
            ],
            "authenticator_groups_config": [],
            "cluster_autoscaling": [
              {
                "auto_provisioning_defaults": [],
                "enabled": false,
                "resource_limits": []
              }
            ],
            "cluster_ipv4_cidr": "10.176.0.0/14",
            "default_max_pods_per_node": null,
            "description": "",
            "enable_binary_authorization": null,
            "enable_intranode_visibility": null,
            "enable_kubernetes_alpha": false,
            "enable_legacy_abac": false,
            "enable_tpu": null,
            "endpoint": "35.228.26.213",
            "id": "projects/terraform-tutorial-293715/locations/europe-north1/clusters/terraform-tutorial-293715-gke",
            "initial_node_count": 1,
            "instance_group_urls": [
              "https://www.googleapis.com/compute/v1/projects/terraform-tutorial-293715/zones/europe-north1-a/instanceGroups/gke-terraform-tutori-terraform-tutori-3582e6bf-grp",
              "https://www.googleapis.com/compute/v1/projects/terraform-tutorial-293715/zones/europe-north1-b/instanceGroups/gke-terraform-tutori-terraform-tutori-ff717e36-grp",
              "https://www.googleapis.com/compute/v1/projects/terraform-tutorial-293715/zones/europe-north1-c/instanceGroups/gke-terraform-tutori-terraform-tutori-7699d8ff-grp"
            ],
            "ip_allocation_policy": [],
            "location": "europe-north1",
            "logging_service": "logging.googleapis.com/kubernetes",
            "maintenance_policy": [],
            "master_auth": [
              {
                "client_certificate": "LS0tLS1CRUdJTiBDRVJUSUZJQ0FURS0tLS0tCk1JSUMrekNDQWVPZ0F3SUJBZ0lRZTF2TjFzcDArQzJzMXo4VmgrN25ZVEFOQmdrcWhraUc5dzBCQVFzRkFEQXYKTVMwd0t3WURWUVFERXlSaE1EUmlNR05oWkMwd016Wm1MVFJqTVRJdE9XWmlOQzFrTVRWak0yVXpOekl6TldZdwpIaGNOTWpBeE1ETXdNakl3TkRJMVdoY05NalV4TURJNU1qSXdOREkxV2pBUk1ROHdEUVlEVlFRREV3WmpiR2xsCmJuUXdnZ0VpTUEwR0NTcUdTSWIzRFFFQkFRVUFBNElCRHdBd2dnRUtBb0lCQVFDMzZYT0twRXZYeGZsZWRPUEUKSWZ2bkdEc3ZCUnBRL0RES3dSRm1pMGF3eGtEWHZEVVN4UVQzL2RwbGg1bUdLd2JmOW4zZVQ1TEd0SEZuL0Z1MQpNUHo0ODVrT1ZHYnhIZEphK1Z2cVp5akVQczhIQldVUDM2SXdiWk9wTGJ3RXJObEJ2aGdvdExFb1EwbmRsV0ZIClRMYjJyUFRqTlZ2eEdyeG1LMXI1SllJU2N5U1Y2Z1Nrc1JnOW5KQVd5ZERYSEx1cXFSTzVpWm9MRllqWnZmd04KTjc5RTM1aGIySHplSTNrc2JGbmg1T0l2dXlXMWQ2ajR6RURzL01kNzNlbXp2a0hPajNEMnJObGdMc05yMjRreApLdlhHNm1TaEZHRENvM2pFZHh1QU1jRzZMWGJza1FrMS9oUm5EU0lGZ05XWFd2VVRYVWgyWFJoMmY2MUgwR2lHCjNjVWJBZ01CQUFHak1UQXZNQXdHQTFVZEV3RUIvd1FDTUFBd0h3WURWUjBqQkJnd0ZvQVV2ZGZCeDV4ZEhLYnYKMkJjdHp2UmhjNjRYeXcwd0RRWUpLb1pJaHZjTkFRRUxCUUFEZ2dFQkFETHRkSFUrOXUyb3VZK3RCS21FTVhLdQpxcnVKQ2xvSGhicjNxWWpEU1A4N3dnVnl4cEdIS1M1SEUwUnVkWUdURDdHSm00U2JmeXc1K3BIU1hFWVdleVZnCkRuakR0MXhoQmxGOGZ2dHdNNlhsaGFHd1ZwQVlMS0w0NjgweUlNWXA0eTA4eHRhT0R1WTNyUGdPVHRFRVFhdEIKSWNGUFJRcjdwZnE1ZFdlOUVOZEZCc2Y2bzl5VlVhWDdyRWpsNVBxUXpLeXQyaWk2UmF0UXkydjlFaG5BM3U2RwpLU1NBTE1OTWQ2UitKL3RrcEY2c0NvcU5DRE94ZnZRYWU4QUhvSVVoMVQrelkwUUxFa2xYRlR1M0RCU3dPMnk5CmN1dXB0VXdjekxGVFF3Y0JXYklPMURpWmorOFFSZmZydTBqOVkrT2J3NmhoTzhWSVVVcVRhM3I2alN6MGJVbz0KLS0tLS1FTkQgQ0VSVElGSUNBVEUtLS0tLQo=",
                "client_certificate_config": [
                  {
                    "issue_client_certificate": true
                  }
                ],
                "client_key": "LS0tLS1CRUdJTiBSU0EgUFJJVkFURSBLRVktLS0tLQpNSUlFb3dJQkFBS0NBUUVBdCtsemlxUkwxOFg1WG5UanhDSDc1eGc3THdVYVVQd3d5c0VSWm90R3NNWkExN3cxCkVzVUU5LzNhWlllWmhpc0czL1o5M2srU3hyUnhaL3hidFREOCtQT1pEbFJtOFIzU1d2bGI2bWNveEQ3UEJ3VmwKRDkraU1HMlRxUzI4Qkt6WlFiNFlLTFN4S0VOSjNaVmhSMHkyOXF6MDR6VmI4UnE4Wml0YStTV0NFbk1rbGVvRQpwTEVZUFp5UUZzblExeHk3cXFrVHVZbWFDeFdJMmIzOERUZS9STitZVzloODNpTjVMR3haNGVUaUw3c2x0WGVvCitNeEE3UHpIZTkzcHM3NUJ6bzl3OXF6WllDN0RhOXVKTVNyMXh1cGtvUlJnd3FONHhIY2JnREhCdWkxMjdKRUoKTmY0VVp3MGlCWURWbDFyMUUxMUlkbDBZZG4rdFI5Qm9odDNGR3dJREFRQUJBb0lCQUJZakR3bktvZWhzaDRvagpsc0RtZUV4R1FlVjBmMGp0T2pCRmtnTWVVNWwybTVwOEtJVkVXc2RBOHBkUy9adEZOWlFpdHQ3YUJDaFAwdkM1CjB3NFp3ZkZ6WE9KNUxWVHJpb1R4eStzSWxNTWVia3dCamJzZDU0ZGR3UzdWZHZLM0hZV0l6SjZsdFVkTDVpbTYKVDlYRnVhWXlobDJNOEM2eTBhZVlvMkFtOENPcExNYXJEVHFIV1JrZDVtTUo1bFE0b0lENHZmRE1VUUtVYStvUwpKUjkxL2FLVUw3c0kxZlhFN1FkR0kzQlllY3k2cVpYRHBseUVHVkYvdEtvUzdyR045UG1sa1BlN1dmcGFnQkN2CnBockhBaGNaWGpqZHBhVW9JVXpGQjh6UEtzbHNEWk5Sd3lNa1RQYjA3RFVLVzhrYVZUSFhRK25ONjNZdWN0UmYKSVpUK1lyRUNnWUVBOVVpZDNWOTdSdjdaWXVqRGtaTksvQ1lOd1NtN25vRm9KcW44QUdoS3FJekJwOTIzU1BGYQozRUxkeFhwOVdVR2FQaHMvUmwzS0puYjBSQ3p0Q0NITEdQNkk0NkQrV0xLL1d3VjVlZjh5dGR2Qk9BWkRxR0VMCjVldEJOV3M3aEpHekF0aHpyNzZVOHNydk1XcTlQM3Nma0J5dldQdnNnN1l3M3ZRaEd1WkVEdkVDZ1lFQXYvSnIKbm9lcmlMTDlpcldWcUh6U3Z6QzFwT2g5Q1ZtQkNhUUVKWjRzSDgyNFFaM0V2eE8yd1NleW5HKzNDYzdRTTZ4SgozM1hhQTVBVFVISlBrWHB1NmxLRDFKdEQ1Lys4Sk5ncmk5ak5xUXRhMlNtTGQzZDlDNWNzOUxUejZscHBVWlgrCmVQYnE5QW5YZzFhOTZiRkQ3NWdkWGxFZC8xNjEzOGFkcXJxY3JNc0NnWUJOMzdNM0lHUmNRdmN6bnVEUWJDb24KYWRGK0hValM1eFR4Q1pEWGRFVVh4RENMb2luWnY3N3dKVTZScnZUekRJL3kzZVcxNm5zT3dUK0dFWmxqdG83cgpyWXc2Y05ldnczaGJacDZOckFjbWs5R0Jmd09tQnNHblNveVdjQ2dpUzd2QTBJWFNLempRNkxzT1BtdzlKbEw4CkJ3OW91ZnI2U2pLejVtQklVUWtVa1FLQmdHREVCcXNwL0RqeSswekZWRWhYZlNzemxDOHBvWGRvTHR3OFduYlkKY2FncTNydjluR1V6dkF0T1J3WUViOE03QnMwMkN4dmpYdUF5N3ZtOFZ3NmhLVzlwMzluNzJGVUtJTUIyVmlXdgpTNmJ2K1lISEp1ODRSc3JrRUo3ZzVxSjdwK0tnZW1SakhubWV5STRHMmNFSlE1VnpHME1rSTdwTTllVjFUS0Q0CmFPblhBb0dCQUlLZFJqSVY5WlU3T2swNGRTaXpJeVZNanJHSjJKUWhaUkhvQlhXZjhRUEc4MHA1cGduWHRlOTgKeDlKNEJNaTg0Qy9oZ1hPbmtPczZXWUxhRnpnK2dLclNiQVRscjlKTVFXV3JOdE5hNVRaT1ZDV3U0SVhNMjlJVwpjdnJLaTF5Uks5QkVyWlYzTy9vRzNaUGsxdCt3UWk4b2lFU0JqYkFTQ1ZJcUZVRi9lRmNMCi0tLS0tRU5EIFJTQSBQUklWQVRFIEtFWS0tLS0tCg==",
                "cluster_ca_certificate": "LS0tLS1CRUdJTiBDRVJUSUZJQ0FURS0tLS0tCk1JSURLakNDQWhLZ0F3SUJBZ0lRVHhZbzlUT3JNT3N0TWhSUWhBaWVvREFOQmdrcWhraUc5dzBCQVFzRkFEQXYKTVMwd0t3WURWUVFERXlSaE1EUmlNR05oWkMwd016Wm1MVFJqTVRJdE9XWmlOQzFrTVRWak0yVXpOekl6TldZdwpIaGNOTWpBeE1ETXdNakV3TkRJMVdoY05NalV4TURJNU1qSXdOREkxV2pBdk1TMHdLd1lEVlFRREV5UmhNRFJpCk1HTmhaQzB3TXpabUxUUmpNVEl0T1daaU5DMWtNVFZqTTJVek56SXpOV1l3Z2dFaU1BMEdDU3FHU0liM0RRRUIKQVFVQUE0SUJEd0F3Z2dFS0FvSUJBUURDMlBCNnpHYWJaWEJGbmZzSlRGUVFiUEZGNW1udHlPY2VKM0JOL0V0UwpMTmpiMjJNc3dUWTNmbE8rYTUyK202YXM2clBqNythc3BYK1lGZzVPbHNoUWFDUDl3MTk3cE00OWlXQmYzVGhqCmU1TU4waWppbG1SdnhrU3gvVVpLeDUxeXI2bUh5UlE5Tkd1Zzl1cGh1VlhJK0FUcE12OWhvNlZINkJ0NDc2T1MKTThDTnFmNnU1ZnNSREdNVnBMWG5nZUJ3UjZwRkQxMmo3L3cyNkZuTGU2WmZCaG80MndSSHdZTmc5SnZFQXc0Tgo4MjkveFlTRjE4eVp2bEVOMUVuMStjQk80cit1aW1BdkxUcG9vK0x0QmJxdk1NSlppZjVIOXZ0SGt0dTk5MFFtCmE5a040cU9ES2piTi9UTmkyZDdQdFhQMnJQclJOalFKZUh6RDRjYXpzMHg3QWdNQkFBR2pRakJBTUE0R0ExVWQKRHdFQi93UUVBd0lDQkRBUEJnTlZIUk1CQWY4RUJUQURBUUgvTUIwR0ExVWREZ1FXQkJTOTE4SEhuRjBjcHUvWQpGeTNPOUdGenJoZkxEVEFOQmdrcWhraUc5dzBCQVFzRkFBT0NBUUVBcmoxakJucjJlUnZySGszMGhYSXFqbFIyClBVZWIwQW9VeCtvVko2R1RwZENDaWl3U0VacWFZd3VNVjVVQVVGZy9OVFU5K3ZCdUxRL2JrQWZEOVU4enIzdlkKRWVCTmJyWGdnK3N5UzQ1Vll4OTBFMzQ0YjRnRkZqNGNNKzMwN0UxL2FXaW9ENjA2ZkhnN1BEUEtsOXJDUlVwRQpQUVBvRFEzNWsvN2RsNlI1N0Q0UGhBVVBFMjMrRm16OC81U3ZyWGp4MVhHUzNtTWV1aTc5R2h5TlNRemRVdUVkCjAzRUR2dlRZb1VRNStuYWI0SmtIRVdGSk5GMlNzMFpEb3hhb3c2dFR3aXZtRnlNRHpqVmkzU1lUYWdoNHhkSGYKUHNYdWFEWUcyNHFmVVVOb0hGQkh0WGg2MGlBMkNBS1REeWZoaWFtSysxSTVpckFEOWdnTWF1eWN6TnVmYmc9PQotLS0tLUVORCBDRVJUSUZJQ0FURS0tLS0tCg==",
                "password": "",
                "username": ""
              }
            ],
            "master_authorized_networks_config": [],
            "master_version": "1.16.13-gke.401",
            "min_master_version": null,
            "monitoring_service": "monitoring.googleapis.com/kubernetes",
            "name": "terraform-tutorial-293715-gke",
            "network": "projects/terraform-tutorial-293715/global/networks/terraform-tutorial-293715-vpc",
            "network_policy": [
              {
                "enabled": false,
                "provider": "PROVIDER_UNSPECIFIED"
              }
            ],
            "node_config": [
              {
                "disk_size_gb": 10,
                "disk_type": "pd-standard",
                "guest_accelerator": [],
                "image_type": "COS",
                "labels": {
                  "env": "terraform-tutorial-293715"
                },
                "local_ssd_count": 0,
                "machine_type": "e2-micro",
                "metadata": {
                  "disable-legacy-endpoints": "true"
                },
                "min_cpu_platform": "",
                "oauth_scopes": [
                  "https://www.googleapis.com/auth/logging.write",
                  "https://www.googleapis.com/auth/monitoring"
                ],
                "preemptible": true,
                "sandbox_config": [],
                "service_account": "default",
                "shielded_instance_config": [
                  {
                    "enable_integrity_monitoring": true,
                    "enable_secure_boot": false
                  }
                ],
                "tags": [
                  "gke-node",
                  "terraform-tutorial-293715-gke"
                ],
                "taint": [],
                "workload_metadata_config": []
              }
            ],
            "node_locations": [
              "europe-north1-a",
              "europe-north1-b",
              "europe-north1-c"
            ],
            "node_pool": [
              {
                "autoscaling": [],
                "initial_node_count": 1,
                "instance_group_urls": [
                  "https://www.googleapis.com/compute/v1/projects/terraform-tutorial-293715/zones/europe-north1-a/instanceGroupManagers/gke-terraform-tutori-terraform-tutori-3582e6bf-grp",
                  "https://www.googleapis.com/compute/v1/projects/terraform-tutorial-293715/zones/europe-north1-b/instanceGroupManagers/gke-terraform-tutori-terraform-tutori-ff717e36-grp",
                  "https://www.googleapis.com/compute/v1/projects/terraform-tutorial-293715/zones/europe-north1-c/instanceGroupManagers/gke-terraform-tutori-terraform-tutori-7699d8ff-grp"
                ],
                "management": [
                  {
                    "auto_repair": true,
                    "auto_upgrade": true
                  }
                ],
                "max_pods_per_node": 0,
                "name": "terraform-tutorial-293715-gke-node-pool",
                "name_prefix": "",
                "node_config": [
                  {
                    "disk_size_gb": 10,
                    "disk_type": "pd-standard",
                    "guest_accelerator": [],
                    "image_type": "COS",
                    "labels": {
                      "env": "terraform-tutorial-293715"
                    },
                    "local_ssd_count": 0,
                    "machine_type": "e2-micro",
                    "metadata": {
                      "disable-legacy-endpoints": "true"
                    },
                    "min_cpu_platform": "",
                    "oauth_scopes": [
                      "https://www.googleapis.com/auth/logging.write",
                      "https://www.googleapis.com/auth/monitoring"
                    ],
                    "preemptible": true,
                    "sandbox_config": [],
                    "service_account": "default",
                    "shielded_instance_config": [
                      {
                        "enable_integrity_monitoring": true,
                        "enable_secure_boot": false
                      }
                    ],
                    "tags": [
                      "gke-node",
                      "terraform-tutorial-293715-gke"
                    ],
                    "taint": [],
                    "workload_metadata_config": []
                  }
                ],
                "node_count": 1,
                "version": "1.16.13-gke.401"
              }
            ],
            "node_version": "1.16.13-gke.401",
            "operation": null,
            "pod_security_policy_config": [],
            "private_cluster_config": [],
            "project": "terraform-tutorial-293715",
            "region": null,
            "remove_default_node_pool": true,
            "resource_labels": {},
            "services_ipv4_cidr": "10.179.240.0/20",
            "subnetwork": "projects/terraform-tutorial-293715/regions/europe-north1/subnetworks/terraform-tutorial-293715-subnet",
            "timeouts": null,
            "vertical_pod_autoscaling": [],
            "zone": null
          },
          "private": "eyJlMmJmYjczMC1lY2FhLTExZTYtOGY4OC0zNDM2M2JjN2M0YzAiOnsiY3JlYXRlIjoyNDAwMDAwMDAwMDAwLCJkZWxldGUiOjI0MDAwMDAwMDAwMDAsInVwZGF0ZSI6MzYwMDAwMDAwMDAwMH0sInNjaGVtYV92ZXJzaW9uIjoiMSJ9",
          "dependencies": [
            "google_compute_network.vpc",
            "google_compute_subnetwork.subnet"
          ]
        }
      ]
    },
    {
      "mode": "managed",
      "type": "google_container_node_pool",
      "name": "primary_nodes",
      "provider": "provider[\"registry.terraform.io/hashicorp/google\"]",
      "instances": [
        {
          "schema_version": 1,
          "attributes": {
            "autoscaling": [],
            "cluster": "terraform-tutorial-293715-gke",
            "id": "projects/terraform-tutorial-293715/locations/europe-north1/clusters/terraform-tutorial-293715-gke/nodePools/terraform-tutorial-293715-gke-node-pool",
            "initial_node_count": 1,
            "instance_group_urls": [
              "https://www.googleapis.com/compute/v1/projects/terraform-tutorial-293715/zones/europe-north1-a/instanceGroupManagers/gke-terraform-tutori-terraform-tutori-3582e6bf-grp",
              "https://www.googleapis.com/compute/v1/projects/terraform-tutorial-293715/zones/europe-north1-b/instanceGroupManagers/gke-terraform-tutori-terraform-tutori-ff717e36-grp",
              "https://www.googleapis.com/compute/v1/projects/terraform-tutorial-293715/zones/europe-north1-c/instanceGroupManagers/gke-terraform-tutori-terraform-tutori-7699d8ff-grp"
            ],
            "location": "europe-north1",
            "management": [
              {
                "auto_repair": true,
                "auto_upgrade": true
              }
            ],
            "max_pods_per_node": null,
            "name": "terraform-tutorial-293715-gke-node-pool",
            "name_prefix": "",
            "node_config": [
              {
                "disk_size_gb": 10,
                "disk_type": "pd-standard",
                "guest_accelerator": [],
                "image_type": "COS",
                "labels": {
                  "env": "terraform-tutorial-293715"
                },
                "local_ssd_count": 0,
                "machine_type": "e2-micro",
                "metadata": {
                  "disable-legacy-endpoints": "true"
                },
                "min_cpu_platform": "",
                "oauth_scopes": [
                  "https://www.googleapis.com/auth/logging.write",
                  "https://www.googleapis.com/auth/monitoring"
                ],
                "preemptible": true,
                "sandbox_config": [],
                "service_account": "default",
                "shielded_instance_config": [
                  {
                    "enable_integrity_monitoring": true,
                    "enable_secure_boot": false
                  }
                ],
                "tags": [
                  "gke-node",
                  "terraform-tutorial-293715-gke"
                ],
                "taint": [],
                "workload_metadata_config": []
              }
            ],
            "node_count": 1,
            "project": "terraform-tutorial-293715",
            "region": null,
            "timeouts": null,
            "version": "1.16.13-gke.401",
            "zone": null
          },
          "private": "eyJlMmJmYjczMC1lY2FhLTExZTYtOGY4OC0zNDM2M2JjN2M0YzAiOnsiY3JlYXRlIjoxODAwMDAwMDAwMDAwLCJkZWxldGUiOjE4MDAwMDAwMDAwMDAsInVwZGF0ZSI6MTgwMDAwMDAwMDAwMH0sInNjaGVtYV92ZXJzaW9uIjoiMSJ9",
          "dependencies": [
            "google_container_cluster.primary"
          ]
        }
      ]
    }
  ]
}
