{
  "version": 4,
  "terraform_version": "0.13.5",
  "serial": 41,
  "lineage": "ee874951-00e0-1091-a9e5-072ad2db5465",
  "outputs": {
    "region": {
      "value": "europe-north1",
      "type": "string"
    }
  },
  "resources": [
    {
      "mode": "data",
      "type": "google_project",
      "name": "this",
      "provider": "provider[\"registry.terraform.io/hashicorp/google\"]",
      "instances": [
        {
          "schema_version": 0,
          "attributes": {
            "auto_create_network": null,
            "billing_account": null,
            "folder_id": null,
            "id": "projects/ecn-js",
            "labels": {},
            "name": "ECN-JS",
            "number": "722221779597",
            "org_id": null,
            "project_id": "ecn-js",
            "skip_delete": null
          }
        }
      ]
    },
    {
      "mode": "managed",
      "type": "google_compute_network",
      "name": "vpc",
      "provider": "provider[\"registry.terraform.io/hashicorp/google\"]",
      "instances": [
        {
          "schema_version": 0,
          "attributes": {
            "auto_create_subnetworks": false,
            "delete_default_routes_on_create": false,
            "description": "",
            "gateway_ipv4": "",
            "id": "projects/ecn-js/global/networks/ecn-js-vpc",
            "mtu": 0,
            "name": "ecn-js-vpc",
            "project": "ecn-js",
            "routing_mode": "REGIONAL",
            "self_link": "https://www.googleapis.com/compute/v1/projects/ecn-js/global/networks/ecn-js-vpc",
            "timeouts": null
          },
          "private": "eyJlMmJmYjczMC1lY2FhLTExZTYtOGY4OC0zNDM2M2JjN2M0YzAiOnsiY3JlYXRlIjoyNDAwMDAwMDAwMDAsImRlbGV0ZSI6MjQwMDAwMDAwMDAwLCJ1cGRhdGUiOjI0MDAwMDAwMDAwMH19"
        }
      ]
    },
    {
      "mode": "managed",
      "type": "google_compute_subnetwork",
      "name": "subnet",
      "provider": "provider[\"registry.terraform.io/hashicorp/google\"]",
      "instances": [
        {
          "schema_version": 0,
          "attributes": {
            "creation_timestamp": "2020-11-04T01:51:19.578-08:00",
            "description": "",
            "fingerprint": null,
            "gateway_address": "10.10.0.1",
            "id": "projects/ecn-js/regions/europe-north1/subnetworks/ecn-js-subnet",
            "ip_cidr_range": "10.10.0.0/24",
            "log_config": [],
            "name": "ecn-js-subnet",
            "network": "https://www.googleapis.com/compute/v1/projects/ecn-js/global/networks/ecn-js-vpc",
            "private_ip_google_access": false,
            "private_ipv6_google_access": "DISABLE_GOOGLE_ACCESS",
            "project": "ecn-js",
            "region": "europe-north1",
            "secondary_ip_range": [],
            "self_link": "https://www.googleapis.com/compute/v1/projects/ecn-js/regions/europe-north1/subnetworks/ecn-js-subnet",
            "timeouts": null
          },
          "private": "eyJlMmJmYjczMC1lY2FhLTExZTYtOGY4OC0zNDM2M2JjN2M0YzAiOnsiY3JlYXRlIjozNjAwMDAwMDAwMDAsImRlbGV0ZSI6MzYwMDAwMDAwMDAwLCJ1cGRhdGUiOjM2MDAwMDAwMDAwMH19",
          "dependencies": [
            "google_compute_network.vpc"
          ]
        }
      ]
    },
    {
      "mode": "managed",
      "type": "google_container_cluster",
      "name": "primary",
      "provider": "provider[\"registry.terraform.io/hashicorp/google\"]",
      "instances": [
        {
          "schema_version": 1,
          "attributes": {
            "addons_config": [
              {
                "cloudrun_config": [],
                "horizontal_pod_autoscaling": [],
                "http_load_balancing": [],
                "network_policy_config": [
                  {
                    "disabled": true
                  }
                ]
              }
            ],
            "authenticator_groups_config": [],
            "cluster_autoscaling": [
              {
                "auto_provisioning_defaults": [],
                "enabled": false,
                "resource_limits": []
              }
            ],
            "cluster_ipv4_cidr": "10.28.0.0/14",
            "database_encryption": [
              {
                "key_name": "",
                "state": "DECRYPTED"
              }
            ],
            "default_max_pods_per_node": null,
            "description": "",
            "enable_binary_authorization": false,
            "enable_intranode_visibility": null,
            "enable_kubernetes_alpha": false,
            "enable_legacy_abac": true,
            "enable_shielded_nodes": false,
            "enable_tpu": null,
            "endpoint": "35.228.205.109",
            "id": "projects/ecn-js/locations/europe-north1/clusters/ecn-js-gke",
            "initial_node_count": 1,
            "instance_group_urls": [],
            "ip_allocation_policy": [],
            "label_fingerprint": "a9dc16a7",
            "location": "europe-north1",
            "logging_service": "logging.googleapis.com/kubernetes",
            "maintenance_policy": [],
            "master_auth": [
              {
                "client_certificate": "LS0tLS1CRUdJTiBDRVJUSUZJQ0FURS0tLS0tCk1JSUMvRENDQWVTZ0F3SUJBZ0lSQU5SZ3kwUXJlTTI3OTRrbXF5WFAwbDR3RFFZSktvWklodmNOQVFFTEJRQXcKTHpFdE1Dc0dBMVVFQXhNa056UXpNak5sWm1JdFkyRXhPQzAwTWpJMUxXSmtOall0WldNeU5HSTRPR0U0WTJFMwpNQjRYRFRJd01URXdOREE1TlRFek5Gb1hEVEkxTVRFd016QTVOVEV6TkZvd0VURVBNQTBHQTFVRUF4TUdZMnhwClpXNTBNSUlCSWpBTkJna3Foa2lHOXcwQkFRRUZBQU9DQVE4QU1JSUJDZ0tDQVFFQTFLdDNnWjRIcm9kV0FFdnYKR0ZqaXBhZUpyTW9LSlp2RFdSK1htT25WTlJvdGZzKzZhcklOZVJ3RGtqbXQ2U3c0bldKcFY4dGtRSUZUTW5GUwpFdHZ0TUZ4TkpNVnRUVy9rMnlkL1B3VmgrT016eVZNTVpQVUdTVENrOFpKZ3JlRitzWXRGdWIwUDZLcHhCRjY2ClVUTEQxSUx0bG84ZElxemFzbThnYlhuaGNlbW1ONldOR1FDR0RCWTBra1Zqc0NBWWw1S2phemhyUnhnbWxJODYKRUFFWTJhNnlzL2RYbnVTZzAzdkNlRTJWUyttdnRJcXgzUnpQNVNEVnF1TXVpb0ZQT1A3MlhhdGgxNmprdmdDMwpMZGF3YnZMbDcwcElrNTY5NjJLUzJKZWxJQUZsSmpjbm1pT0JTNnlLMklCaFdZcjdRczBEd1BUMWsyY3dFV3VSClJ6dkxOUUlEQVFBQm96RXdMekFNQmdOVkhSTUJBZjhFQWpBQU1COEdBMVVkSXdRWU1CYUFGT3ZCOWJzbUM4OEQKVkllbDZMc2Vqd1JxazhTUk1BMEdDU3FHU0liM0RRRUJDd1VBQTRJQkFRQUNLQVZEUGZjbzZYa3dDQnhDSTJsRQpNTE55bG9zeHNvV0ZsOGVQTVgreWNkVVRkUG8zMUUvY2F3ZjZaY200OUNCa0Z4K2dpUmRtcVhqMUVVNnMwUmdWCkNJWWJxMHo4dCtSSGp5Wng1eFNQSU1DeE9WOWFzTzhTUVZFUlM5WFJ4LzNNK0RPc2l6NnpwUUg2ZGx6YVd4cjgKelpoZEIvRlVCaXhNb3JpbEFjdXVEeXk5QStnMjZmRkIzb3FPcGdOZW5SRHRyRlVxZVE3ckFNYitkRFAxMjlSVgp4ZE03YVlxMzdHenJTK3JIU210dXYvbFR3bC9QVUJKR0JJZnk0bnZ2V1FiSjU2cEFoSlFaZVVwdjdQMURyU28wCjlZTkttYzlmbzZ0SHpCRlpieE5SUFBQVUVUVVdaeXVGbDNVZUdwNFJOZlVUM2c2WWZTSVYxd0NGdS85L2svR08KLS0tLS1FTkQgQ0VSVElGSUNBVEUtLS0tLQo=",
                "client_certificate_config": [
                  {
                    "issue_client_certificate": true
                  }
                ],
                "client_key": "LS0tLS1CRUdJTiBSU0EgUFJJVkFURSBLRVktLS0tLQpNSUlFb3dJQkFBS0NBUUVBMUt0M2daNEhyb2RXQUV2dkdGamlwYWVKck1vS0padkRXUitYbU9uVk5Sb3Rmcys2CmFySU5lUndEa2ptdDZTdzRuV0pwVjh0a1FJRlRNbkZTRXR2dE1GeE5KTVZ0VFcvazJ5ZC9Qd1ZoK09NenlWTU0KWlBVR1NUQ2s4WkpncmVGK3NZdEZ1YjBQNktweEJGNjZVVExEMUlMdGxvOGRJcXphc204Z2JYbmhjZW1tTjZXTgpHUUNHREJZMGtrVmpzQ0FZbDVLamF6aHJSeGdtbEk4NkVBRVkyYTZ5cy9kWG51U2cwM3ZDZUUyVlMrbXZ0SXF4CjNSelA1U0RWcXVNdWlvRlBPUDcyWGF0aDE2amt2Z0MzTGRhd2J2TGw3MHBJazU2OTYyS1MySmVsSUFGbEpqY24KbWlPQlM2eUsySUJoV1lyN1FzMER3UFQxazJjd0VXdVJSenZMTlFJREFRQUJBb0lCQUMyY0dYenhycTJTUmxJNQpkczFtc0xMOHg2VElUdDFLZHQ2TURUZmsvRTRQYjI3cEw0NTI0YmRWMS9rNkNBK0FKYU14U2l6alNMeWh6NzA3CmV2SGkrMDg2R0d4WXNBeWh3UGYwVkZDb2Y1N0FZV2lkdUVTRm5TUEF2RHMzM0thbC9BVXBQSnF0VHJaa0tXbFoKeElVcUNVQXdGVExMUGlFajU2SkpmVytsS2tIQ3lZYVdEM2Ftd1BlNEhmV25VNm9VRjkzWU9GMmFtWHZWUDIrLwo0UEpxTnQ1eE1zVWRCellaOWVxNUhMVUphdW9pdGZQQjF3dU9GUWVDbUJJaGN1R1NQRkNNRk42TVd6MHpjNEZzCk9COUdGdWFZRFZPNE9tcUpOZnJyK2hJT0JZQnNocklmZ3c1c0VyaTN0Q2RndXZlNmpjWlhYM0RUS3pFWjY2eDEKSS9xZjFVa0NnWUVBNnJUMTlYMkI3Vm1yQU9lNENMOVphSm5aQ0lzelZES2V1c3JpVkpvaUk5d0VyOVRmNDVCNAppUTBjNFpBS1RPU0pEUXVldXEvU2VZWWZJcnRzZjkxamdJcGlvNGwwQXJrMUN3STlOODVGMFlOdGtlY3MyRUFwCjVSbmExS3R4V242ZmYyWG1nVFdSWWxrdGNIK1BJcTlhckFCdXFlRU51djFFVmpoR1BuOHV6eGtDZ1lFQTUvYXkKaGhQSXFTNVRjRWs1MDBwSWg4UlprR3h0S1pQTmtaQTJ6dE1Mb0RVSm1SM0NqcXMvMUEvRmw1a3k1Nmo2Rks3Lwo5WFVtbDFqb1JWN2I2MDRmNWtPSzRYbzBOeC80VFdUQzNTSTZHZmh3bVFqUGgvc2dTZmNIWE9DaTJiRWtOSHltCnd2KzJ3RGRqR3lXNC9WZDAzdmZqdGxIa2ZNUWRheEhBMHp2M2pIMENnWUIwTHlSYVk4aS9iOVhnMnRRVk1IUFgKL2VDY0JCeGluN1JIajBzK3loWUFYbGZMbXJ0QjhUQloxNjNtVXVGbWN2TU5EQ1dGRUtoR0ZBaXhyc25rK2ZqWgpscWVCZ1BkMnFhd0NTUmQ0MnBsaFA0Z3I0NTRsWm8zV3BWZllVdzRIMkFxb2pBN3hBMDEydStKc2dCaWcrT0VQCnFCOGY1UkpnOENLMTg2R0NLbjlIY1FLQmdIV09HNGxCYTNiNXlFVm1oc3lpbjhGV2E4RjZnWlFKbUt1RmQ1RTMKZVhQV2pTZXc0bEdsVGZLdGo0aTFsZ3U3SWducmFrSTkvYkhEMStxWUdVSFYxT3JBSGhrSThuOWhUMWdCa1pPNQo3ZElOaXhxelVXRnJqa0NOMVlobk80Q3hlbFN6TzF3bGRidFNGb0xDaWs2eHpNUFd3dXM1ODE2YmtRRWEvU3JRCkFET05Bb0dCQUp1SGowWVpnYkJZNUNhWnlUTG0rTm43MDJCVkg4eWN0QjVYNEh4aWZqWlFHSWRDZFFNZEU4QlQKc0dmdFYwL2NzU1prb1ZhaWE0eGFmQlBXR2hmUXgxb251TzJwbnJRWEpKcDJQSmt5SnJ4TXFFL2lsSTA1OG5qWgpEVUx4empQYTBXcXRnQjY3WHI2V1dwQVU1VUpBRmVqQ3BjQ3FEcWpXVUE5c1RpZTQwSFlJCi0tLS0tRU5EIFJTQSBQUklWQVRFIEtFWS0tLS0tCg==",
                "cluster_ca_certificate": "LS0tLS1CRUdJTiBDRVJUSUZJQ0FURS0tLS0tCk1JSURLakNDQWhLZ0F3SUJBZ0lRYTVFNndrZHNvNklxM0lGZE13aWlyekFOQmdrcWhraUc5dzBCQVFzRkFEQXYKTVMwd0t3WURWUVFERXlRM05ETXlNMlZtWWkxallURTRMVFF5TWpVdFltUTJOaTFsWXpJMFlqZzRZVGhqWVRjdwpIaGNOTWpBeE1UQTBNRGcxTVRNMFdoY05NalV4TVRBek1EazFNVE0wV2pBdk1TMHdLd1lEVlFRREV5UTNORE15Ck0yVm1ZaTFqWVRFNExUUXlNalV0WW1RMk5pMWxZekkwWWpnNFlUaGpZVGN3Z2dFaU1BMEdDU3FHU0liM0RRRUIKQVFVQUE0SUJEd0F3Z2dFS0FvSUJBUUNPN0VqenNzU3lJYXRLZlVQMURCalhvc2ZwRHdnWE4vUFlOV1c0eE9ETgpxcVhMVjBOeEs3R0pCdVJ0S0h1ZWJWbytISzZ2RHA4a3pZQ2F2OUJOSVNuWVZpdVdZaUxHS0x2QzREUDNMVExUCnRDbHNJemFRSXJ0TVlNMWRocUVZSzZTT2t6Y0x1OEs0Qy82WjF6NWMwbnloZ3Znd2JBNWwrRnhBN0hTQWYyQ3cKRlptZVh0M2FGVnZXUWRqUFIxeWRUdEY3NzQrdm9jY09SSUFwS2s2ZWg2b0JIUTVDN2w4SDcxMlpPVFZKS21Rdwp5WjVDRm5LSDR2R1d4RFgxMVJ3OWVlY294VzBQSitLK0NVMDQwWHJEUFUycldtNmh2YmxwMEZYdlVqS2RTR29MClVKbVdyRTJIV3hVVTdPYnBMS0NYdHpSMDNsMitQaXNLdEdkSmVDaEhON1BEQWdNQkFBR2pRakJBTUE0R0ExVWQKRHdFQi93UUVBd0lDQkRBUEJnTlZIUk1CQWY4RUJUQURBUUgvTUIwR0ExVWREZ1FXQkJUcndmVzdKZ3ZQQTFTSApwZWk3SG84RWFwUEVrVEFOQmdrcWhraUc5dzBCQVFzRkFBT0NBUUVBSnBUYUN6RlVFNmJoRWJtdlducGtrZVM1CnFuRGthR01zY1VjQnZtOUhtZk8xOGhEcjRLQXZneWpDYW9YNUJuMm5JUllLOFNLbjQzdjJOSGVVMnFDVit0NFgKQU56UXZSell1TXpQN0JrYTd6cG5hR1loamtid0F2V1VlaWdVRlNBbzQ4RVJheHl3bytZR1dPb2FIb1JsL2E1bgpZZkIvTVNWcGhkS0JPVXIvUitRcDZsVGJ3UnQ1cWd0cVdJQk5JdVNlb0ppRVZwSWdLeWhsNk9ydCswVWNFY2oyCksvUis2R3lJeldSd3FJWUMzaEJnRVdQbi96WHpia2EwbVRyTnFUTVpmRjVHZ1RmbFdVVERGMjNGdUloNjhtSkQKN3VQQ0NzTzdBRHBwQUgwOG1vVFJGUUR5WUhlV3o2ZGRJY01Va1lLMHlhdzllQ3BYTEQzWWppaDduSnZnM2c9PQotLS0tLUVORCBDRVJUSUZJQ0FURS0tLS0tCg==",
                "password": "",
                "username": ""
              }
            ],
            "master_authorized_networks_config": [],
            "master_version": "1.16.13-gke.401",
            "min_master_version": null,
            "monitoring_service": "monitoring.googleapis.com/kubernetes",
            "name": "ecn-js-gke",
            "network": "projects/ecn-js/global/networks/ecn-js-vpc",
            "network_policy": [
              {
                "enabled": false,
                "provider": "PROVIDER_UNSPECIFIED"
              }
            ],
            "node_config": [],
            "node_locations": [
              "europe-north1-a",
              "europe-north1-b",
              "europe-north1-c"
            ],
            "node_pool": [],
            "node_version": "1.16.13-gke.401",
            "operation": null,
            "pod_security_policy_config": [],
            "private_cluster_config": [],
            "project": "ecn-js",
            "release_channel": [
              {
                "channel": "UNSPECIFIED"
              }
            ],
            "remove_default_node_pool": true,
            "resource_labels": null,
            "resource_usage_export_config": [],
            "self_link": "https://container.googleapis.com/v1beta1/projects/ecn-js/locations/europe-north1/clusters/ecn-js-gke",
            "services_ipv4_cidr": "10.31.240.0/20",
            "subnetwork": "projects/ecn-js/regions/europe-north1/subnetworks/ecn-js-subnet",
            "timeouts": null,
            "vertical_pod_autoscaling": [],
            "workload_identity_config": []
          },
          "private": "eyJlMmJmYjczMC1lY2FhLTExZTYtOGY4OC0zNDM2M2JjN2M0YzAiOnsiY3JlYXRlIjoyNDAwMDAwMDAwMDAwLCJkZWxldGUiOjI0MDAwMDAwMDAwMDAsInJlYWQiOjI0MDAwMDAwMDAwMDAsInVwZGF0ZSI6MzYwMDAwMDAwMDAwMH0sInNjaGVtYV92ZXJzaW9uIjoiMSJ9",
          "dependencies": [
            "google_compute_network.vpc",
            "google_compute_subnetwork.subnet"
          ]
        }
      ]
    },
    {
      "mode": "managed",
      "type": "google_container_node_pool",
      "name": "primary_nodes",
      "provider": "provider[\"registry.terraform.io/hashicorp/google\"]",
      "instances": [
        {
          "schema_version": 1,
          "attributes": {
            "autoscaling": [],
            "cluster": "ecn-js-gke",
            "id": "projects/ecn-js/locations/europe-north1/clusters/ecn-js-gke/nodePools/ecn-js-gke-node-pool",
            "initial_node_count": 1,
            "instance_group_urls": [
              "https://www.googleapis.com/compute/v1/projects/ecn-js/zones/europe-north1-b/instanceGroupManagers/gke-ecn-js-gke-ecn-js-gke-node-pool-b204cec2-grp",
              "https://www.googleapis.com/compute/v1/projects/ecn-js/zones/europe-north1-c/instanceGroupManagers/gke-ecn-js-gke-ecn-js-gke-node-pool-a5b2df6f-grp",
              "https://www.googleapis.com/compute/v1/projects/ecn-js/zones/europe-north1-a/instanceGroupManagers/gke-ecn-js-gke-ecn-js-gke-node-pool-e9bcba0a-grp"
            ],
            "location": "europe-north1",
            "management": [
              {
                "auto_repair": true,
                "auto_upgrade": true
              }
            ],
            "max_pods_per_node": null,
            "name": "ecn-js-gke-node-pool",
            "name_prefix": "",
            "node_config": [
              {
                "disk_size_gb": 10,
                "disk_type": "pd-standard",
                "guest_accelerator": [],
                "image_type": "COS",
                "labels": {
                  "env": "ecn-js"
                },
                "local_ssd_count": 0,
                "machine_type": "e2-micro",
                "metadata": {
                  "disable-legacy-endpoints": "true"
                },
                "min_cpu_platform": "",
                "oauth_scopes": [
                  "https://www.googleapis.com/auth/logging.write",
                  "https://www.googleapis.com/auth/monitoring"
                ],
                "preemptible": true,
                "service_account": "default",
                "shielded_instance_config": [
                  {
                    "enable_integrity_monitoring": true,
                    "enable_secure_boot": false
                  }
                ],
                "tags": [
                  "gke-node",
                  "ecn-js-gke"
                ],
                "taint": [],
                "workload_metadata_config": []
              }
            ],
            "node_count": 1,
            "node_locations": [
              "europe-north1-a",
              "europe-north1-b",
              "europe-north1-c"
            ],
            "project": "ecn-js",
            "timeouts": null,
            "upgrade_settings": [
              {
                "max_surge": 1,
                "max_unavailable": 0
              }
            ],
            "version": "1.16.13-gke.401"
          },
          "private": "eyJlMmJmYjczMC1lY2FhLTExZTYtOGY4OC0zNDM2M2JjN2M0YzAiOnsiY3JlYXRlIjoxODAwMDAwMDAwMDAwLCJkZWxldGUiOjE4MDAwMDAwMDAwMDAsInVwZGF0ZSI6MTgwMDAwMDAwMDAwMH0sInNjaGVtYV92ZXJzaW9uIjoiMSJ9",
          "dependencies": [
            "google_compute_network.vpc",
            "google_compute_subnetwork.subnet",
            "google_container_cluster.primary"
          ]
        }
      ]
    },
    {
      "mode": "managed",
      "type": "google_project_iam_member",
      "name": "cloudbuild_sa_editor",
      "provider": "provider[\"registry.terraform.io/hashicorp/google\"]",
      "instances": [
        {
          "schema_version": 0,
          "attributes": {
            "condition": [],
            "etag": "BwWzROtxZ8c=",
            "id": "ecn-js/roles/editor/serviceaccount:722221779597@cloudbuild.gserviceaccount.com",
            "member": "serviceAccount:722221779597@cloudbuild.gserviceaccount.com",
            "project": "ecn-js",
            "role": "roles/editor"
          },
          "private": "bnVsbA==",
          "dependencies": [
            "data.google_project.this",
            "google_project_service.cloudbuild"
          ]
        }
      ]
    },
    {
      "mode": "managed",
      "type": "google_project_service",
      "name": "cloudbuild",
      "provider": "provider[\"registry.terraform.io/hashicorp/google\"]",
      "instances": [
        {
          "schema_version": 0,
          "attributes": {
            "disable_dependent_services": null,
            "disable_on_destroy": false,
            "id": "ecn-js/cloudbuild.googleapis.com",
            "project": "ecn-js",
            "service": "cloudbuild.googleapis.com",
            "timeouts": null
          },
          "private": "eyJlMmJmYjczMC1lY2FhLTExZTYtOGY4OC0zNDM2M2JjN2M0YzAiOnsiY3JlYXRlIjoxMjAwMDAwMDAwMDAwLCJkZWxldGUiOjEyMDAwMDAwMDAwMDAsInJlYWQiOjYwMDAwMDAwMDAwMCwidXBkYXRlIjoxMjAwMDAwMDAwMDAwfX0="
        }
      ]
    },
    {
      "mode": "managed",
      "type": "google_project_service",
      "name": "cloudresourcemanager",
      "provider": "provider[\"registry.terraform.io/hashicorp/google\"]",
      "instances": [
        {
          "schema_version": 0,
          "attributes": {
            "disable_dependent_services": null,
            "disable_on_destroy": false,
            "id": "ecn-js/cloudresourcemanager.googleapis.com",
            "project": "ecn-js",
            "service": "cloudresourcemanager.googleapis.com",
            "timeouts": null
          },
          "private": "eyJlMmJmYjczMC1lY2FhLTExZTYtOGY4OC0zNDM2M2JjN2M0YzAiOnsiY3JlYXRlIjoxMjAwMDAwMDAwMDAwLCJkZWxldGUiOjEyMDAwMDAwMDAwMDAsInJlYWQiOjYwMDAwMDAwMDAwMCwidXBkYXRlIjoxMjAwMDAwMDAwMDAwfX0="
        }
      ]
    },
    {
      "mode": "managed",
      "type": "google_project_service",
      "name": "compute",
      "provider": "provider[\"registry.terraform.io/hashicorp/google\"]",
      "instances": [
        {
          "schema_version": 0,
          "attributes": {
            "disable_dependent_services": null,
            "disable_on_destroy": false,
            "id": "ecn-js/compute.googleapis.com",
            "project": "ecn-js",
            "service": "compute.googleapis.com",
            "timeouts": null
          },
          "private": "eyJlMmJmYjczMC1lY2FhLTExZTYtOGY4OC0zNDM2M2JjN2M0YzAiOnsiY3JlYXRlIjoxMjAwMDAwMDAwMDAwLCJkZWxldGUiOjEyMDAwMDAwMDAwMDAsInJlYWQiOjYwMDAwMDAwMDAwMCwidXBkYXRlIjoxMjAwMDAwMDAwMDAwfX0="
        }
      ]
    },
    {
      "mode": "managed",
      "type": "google_project_service",
      "name": "container",
      "provider": "provider[\"registry.terraform.io/hashicorp/google\"]",
      "instances": [
        {
          "schema_version": 0,
          "attributes": {
            "disable_dependent_services": null,
            "disable_on_destroy": false,
            "id": "ecn-js/container.googleapis.com",
            "project": "ecn-js",
            "service": "container.googleapis.com",
            "timeouts": null
          },
          "private": "eyJlMmJmYjczMC1lY2FhLTExZTYtOGY4OC0zNDM2M2JjN2M0YzAiOnsiY3JlYXRlIjoxMjAwMDAwMDAwMDAwLCJkZWxldGUiOjEyMDAwMDAwMDAwMDAsInJlYWQiOjYwMDAwMDAwMDAwMCwidXBkYXRlIjoxMjAwMDAwMDAwMDAwfX0="
        }
      ]
    },
    {
      "mode": "managed",
      "type": "helm_release",
      "name": "cert-manager",
      "provider": "provider[\"registry.terraform.io/hashicorp/helm\"]",
      "instances": [
        {
          "schema_version": 0,
          "attributes": {
            "atomic": false,
            "chart": "cert-manager",
            "cleanup_on_fail": false,
            "create_namespace": true,
            "dependency_update": false,
            "description": null,
            "devel": null,
            "disable_crd_hooks": false,
            "disable_openapi_validation": false,
            "disable_webhooks": false,
            "force_update": false,
            "id": "my-cert-manager",
            "keyring": null,
            "lint": false,
            "max_history": 0,
            "metadata": [
              {
                "app_version": "v1.0.4",
                "chart": "cert-manager",
                "name": "my-cert-manager",
                "namespace": "cert-manager",
                "revision": 1,
                "values": "{}",
                "version": "v1.0.4"
              }
            ],
            "name": "my-cert-manager",
            "namespace": "cert-manager",
            "postrender": [],
            "recreate_pods": false,
            "render_subchart_notes": true,
            "replace": false,
            "repository": "https://charts.jetstack.io",
            "repository_ca_file": null,
            "repository_cert_file": null,
            "repository_key_file": null,
            "repository_password": null,
            "repository_username": null,
            "reset_values": false,
            "reuse_values": false,
            "set": [],
            "set_sensitive": [],
            "set_string": [],
            "skip_crds": false,
            "status": "deployed",
            "timeout": 300,
            "values": null,
            "verify": false,
            "version": "v1.0.4",
            "wait": true
          },
          "private": "bnVsbA==",
          "dependencies": [
            "google_compute_network.vpc",
            "google_compute_subnetwork.subnet",
            "google_container_cluster.primary"
          ]
        }
      ]
    },
    {
      "mode": "managed",
      "type": "helm_release",
      "name": "ingress-nginx",
      "provider": "provider[\"registry.terraform.io/hashicorp/helm\"]",
      "instances": [
        {
          "schema_version": 0,
          "attributes": {
            "atomic": false,
            "chart": "ingress-nginx",
            "cleanup_on_fail": false,
            "create_namespace": false,
            "dependency_update": false,
            "description": null,
            "devel": null,
            "disable_crd_hooks": false,
            "disable_openapi_validation": false,
            "disable_webhooks": false,
            "force_update": false,
            "id": "my-ingress-nginx",
            "keyring": null,
            "lint": false,
            "max_history": 0,
            "metadata": [
              {
                "app_version": "0.40.2",
                "chart": "ingress-nginx",
                "name": "my-ingress-nginx",
                "namespace": "default",
                "revision": 1,
                "values": "{}",
                "version": "3.7.1"
              }
            ],
            "name": "my-ingress-nginx",
            "namespace": "default",
            "postrender": [],
            "recreate_pods": false,
            "render_subchart_notes": true,
            "replace": false,
            "repository": "https://kubernetes.github.io/ingress-nginx",
            "repository_ca_file": null,
            "repository_cert_file": null,
            "repository_key_file": null,
            "repository_password": null,
            "repository_username": null,
            "reset_values": false,
            "reuse_values": false,
            "set": [],
            "set_sensitive": [],
            "set_string": [],
            "skip_crds": false,
            "status": "deployed",
            "timeout": 300,
            "values": null,
            "verify": false,
            "version": "3.7.1",
            "wait": true
          },
          "private": "bnVsbA==",
          "dependencies": [
            "google_compute_network.vpc",
            "google_compute_subnetwork.subnet",
            "google_container_cluster.primary"
          ]
        }
      ]
    }
  ]
}
