{
  "version": 4,
  "terraform_version": "0.13.5",
  "serial": 45,
  "lineage": "d5cd0de3-9d6b-3d9a-0a2b-ddef6a6036df",
  "outputs": {
    "kubernaties_cluster_host": {
      "value": "35.228.113.149",
      "type": "string"
    },
    "kubernetes_cluster_name": {
      "value": "terraform-tutorial-293715-gke",
      "type": "string"
    },
    "region": {
      "value": "europe-north1",
      "type": "string"
    }
  },
  "resources": [
    {
      "mode": "managed",
      "type": "google_compute_network",
      "name": "vpc",
      "provider": "provider[\"registry.terraform.io/hashicorp/google\"]",
      "instances": [
        {
          "schema_version": 0,
          "attributes": {
            "auto_create_subnetworks": false,
            "delete_default_routes_on_create": false,
            "description": "",
            "gateway_ipv4": "",
            "id": "projects/terraform-tutorial-293715/global/networks/terraform-tutorial-293715-vpc",
            "ipv4_range": null,
            "name": "terraform-tutorial-293715-vpc",
            "project": "terraform-tutorial-293715",
            "routing_mode": "REGIONAL",
            "self_link": "https://www.googleapis.com/compute/v1/projects/terraform-tutorial-293715/global/networks/terraform-tutorial-293715-vpc",
            "timeouts": null
          },
          "private": "eyJlMmJmYjczMC1lY2FhLTExZTYtOGY4OC0zNDM2M2JjN2M0YzAiOnsiY3JlYXRlIjoyNDAwMDAwMDAwMDAsImRlbGV0ZSI6MjQwMDAwMDAwMDAwLCJ1cGRhdGUiOjI0MDAwMDAwMDAwMH19"
        }
      ]
    },
    {
      "mode": "managed",
      "type": "google_compute_subnetwork",
      "name": "subnet",
      "provider": "provider[\"registry.terraform.io/hashicorp/google\"]",
      "instances": [
        {
          "schema_version": 0,
          "attributes": {
            "creation_timestamp": "2020-10-30T05:43:32.573-07:00",
            "description": "",
            "enable_flow_logs": null,
            "fingerprint": null,
            "gateway_address": "10.10.0.1",
            "id": "projects/terraform-tutorial-293715/regions/europe-north1/subnetworks/terraform-tutorial-293715-subnet",
            "ip_cidr_range": "10.10.0.0/24",
            "log_config": [],
            "name": "terraform-tutorial-293715-subnet",
            "network": "https://www.googleapis.com/compute/v1/projects/terraform-tutorial-293715/global/networks/terraform-tutorial-293715-vpc",
            "private_ip_google_access": false,
            "project": "terraform-tutorial-293715",
            "region": "europe-north1",
            "secondary_ip_range": [],
            "self_link": "https://www.googleapis.com/compute/v1/projects/terraform-tutorial-293715/regions/europe-north1/subnetworks/terraform-tutorial-293715-subnet",
            "timeouts": null
          },
          "private": "eyJlMmJmYjczMC1lY2FhLTExZTYtOGY4OC0zNDM2M2JjN2M0YzAiOnsiY3JlYXRlIjozNjAwMDAwMDAwMDAsImRlbGV0ZSI6MzYwMDAwMDAwMDAwLCJ1cGRhdGUiOjM2MDAwMDAwMDAwMH19",
          "dependencies": [
            "google_compute_network.vpc"
          ]
        }
      ]
    },
    {
      "mode": "managed",
      "type": "google_container_cluster",
      "name": "primary",
      "provider": "provider[\"registry.terraform.io/hashicorp/google\"]",
      "instances": [
        {
          "schema_version": 1,
          "attributes": {
            "additional_zones": [],
            "addons_config": [
              {
                "horizontal_pod_autoscaling": [],
                "http_load_balancing": [],
                "kubernetes_dashboard": [],
                "network_policy_config": [
                  {
                    "disabled": true
                  }
                ]
              }
            ],
            "authenticator_groups_config": [],
            "cluster_autoscaling": [
              {
                "auto_provisioning_defaults": [],
                "enabled": false,
                "resource_limits": []
              }
            ],
            "cluster_ipv4_cidr": "10.176.0.0/14",
            "default_max_pods_per_node": null,
            "description": "",
            "enable_binary_authorization": null,
            "enable_intranode_visibility": null,
            "enable_kubernetes_alpha": false,
            "enable_legacy_abac": false,
            "enable_tpu": null,
            "endpoint": "35.228.113.149",
            "id": "projects/terraform-tutorial-293715/locations/europe-north1/clusters/terraform-tutorial-293715-gke",
            "initial_node_count": 1,
            "instance_group_urls": [
              "https://www.googleapis.com/compute/v1/projects/terraform-tutorial-293715/zones/europe-north1-c/instanceGroups/gke-terraform-tutori-terraform-tutori-05f00913-grp",
              "https://www.googleapis.com/compute/v1/projects/terraform-tutorial-293715/zones/europe-north1-a/instanceGroups/gke-terraform-tutori-terraform-tutori-dd10c1c5-grp",
              "https://www.googleapis.com/compute/v1/projects/terraform-tutorial-293715/zones/europe-north1-b/instanceGroups/gke-terraform-tutori-terraform-tutori-0285b040-grp"
            ],
            "ip_allocation_policy": [],
            "location": "europe-north1",
            "logging_service": "logging.googleapis.com/kubernetes",
            "maintenance_policy": [],
            "master_auth": [
              {
                "client_certificate": "",
                "client_certificate_config": [
                  {
                    "issue_client_certificate": false
                  }
                ],
                "client_key": "",
                "cluster_ca_certificate": "LS0tLS1CRUdJTiBDRVJUSUZJQ0FURS0tLS0tCk1JSURLakNDQWhLZ0F3SUJBZ0lRSWI5V2tJRUowOFB4UHRCamtVR2U3akFOQmdrcWhraUc5dzBCQVFzRkFEQXYKTVMwd0t3WURWUVFERXlRME5XTXlOVFZpWXkwM05qVmtMVFJpTkdVdFlUQXdNeTFrWVRVMlptSXlObVUyWXprdwpIaGNOTWpBeE1ETXdNVEUwTXpRNVdoY05NalV4TURJNU1USTBNelE1V2pBdk1TMHdLd1lEVlFRREV5UTBOV015Ck5UVmlZeTAzTmpWa0xUUmlOR1V0WVRBd015MWtZVFUyWm1JeU5tVTJZemt3Z2dFaU1BMEdDU3FHU0liM0RRRUIKQVFVQUE0SUJEd0F3Z2dFS0FvSUJBUURYWlk3eXg3U2hNbUZUdnk2M0dBT3lRQS83bUpvL1poUlBEMjJMOFNUQgpSTW5YOG5mMVpUVElCaW03YVVrcHRVUDhmdUdjc3k2WFc4My9aZ3o4R0FudlZyenFTd1lKN0dRZEJvb2hYc3dvCjNlNWc3KzhhcVRwTlNkWSs5NXdJMm5VVENBV0VLVnhFUmN6azd0RHdyeTRaemg1RWxmWU8rV0swRVVRTzM1YVIKbkRLZGZPUUxnRVNsSis3WTVUVXVtVHlrQzRBRHRzSGxWVjI5YU5XUTFBZk9XNlVnTDN0eEZXT3V1clBYc0xDeAo5dTF5SlZmbGQrenN6NHdoUklpcFIzQzlReFFwcngweGs1T0NreExBMUZlQ2xJSmhiRkdVUnJKWHFra0tHQ05VCjZkemRLLzlvdEJuNC9YT0JmZS83cFBtaGVoVmpEQzI1UEppS2ZqSW8xTjlaQWdNQkFBR2pRakJBTUE0R0ExVWQKRHdFQi93UUVBd0lDQkRBUEJnTlZIUk1CQWY4RUJUQURBUUgvTUIwR0ExVWREZ1FXQkJUYkhOdDZLbmZTTk8vUgowQ2d6YWxjUFZDOXhhakFOQmdrcWhraUc5dzBCQVFzRkFBT0NBUUVBRXZXVlhuN0kyUTQ0ZmZSNHcxNGxLbDYwCmtZTDB3OUtUWjlnWjc2VmFidm8xVHZhb0g2VzVTQ0Z0TUtwL1FyOUFVTnBqMkg2YWxTb1BuTERla1dFSUFydEUKWmtHd3I0TUlhZEdCb3Z2MEEwUkRXeUQ2dkRva1NKdTdBWk1oT2Z4UWljOUk4THp4cVJaSTRzNWcreTgwSHpaNgpma1VBQlhvV3FLL2t2ZjZ4UVZWTG9HL1dLeWdjc0VpdGZBVU9GUDNLeHRBUlJkMEpCS1dUeXZIK2x6WWg0azJLCk9KR2JlV0ZCWUZyWGJJNmZ1WXV6cmhkWEV1SmFBdzd0QnU1ZVBjZEN4ZGRpaEMrc2dUQ3dFMWIzbXpzYzg2eEEKZVNJb0duSlA0K0ZVYWthRngrbHFDY1lrNzYyMzBZZlNlNU5kY1A1eUdORjErT3FWVHVwME5IWGhKOHhheUE9PQotLS0tLUVORCBDRVJUSUZJQ0FURS0tLS0tCg==",
                "password": "",
                "username": ""
              }
            ],
            "master_authorized_networks_config": [],
            "master_version": "1.16.13-gke.401",
            "min_master_version": null,
            "monitoring_service": "monitoring.googleapis.com/kubernetes",
            "name": "terraform-tutorial-293715-gke",
            "network": "projects/terraform-tutorial-293715/global/networks/terraform-tutorial-293715-vpc",
            "network_policy": [
              {
                "enabled": false,
                "provider": "PROVIDER_UNSPECIFIED"
              }
            ],
            "node_config": [
              {
                "disk_size_gb": 10,
                "disk_type": "pd-standard",
                "guest_accelerator": [],
                "image_type": "COS",
                "labels": {
                  "env": "terraform-tutorial-293715"
                },
                "local_ssd_count": 0,
                "machine_type": "e2-micro",
                "metadata": {
                  "disable-legacy-endpoints": "true"
                },
                "min_cpu_platform": "",
                "oauth_scopes": [
                  "https://www.googleapis.com/auth/logging.write",
                  "https://www.googleapis.com/auth/monitoring"
                ],
                "preemptible": true,
                "sandbox_config": [],
                "service_account": "default",
                "shielded_instance_config": [
                  {
                    "enable_integrity_monitoring": true,
                    "enable_secure_boot": false
                  }
                ],
                "tags": [
                  "gke-node",
                  "terraform-tutorial-293715-gke"
                ],
                "taint": [],
                "workload_metadata_config": []
              }
            ],
            "node_locations": [
              "europe-north1-a",
              "europe-north1-b",
              "europe-north1-c"
            ],
            "node_pool": [
              {
                "autoscaling": [],
                "initial_node_count": 1,
                "instance_group_urls": [
                  "https://www.googleapis.com/compute/v1/projects/terraform-tutorial-293715/zones/europe-north1-c/instanceGroupManagers/gke-terraform-tutori-terraform-tutori-05f00913-grp",
                  "https://www.googleapis.com/compute/v1/projects/terraform-tutorial-293715/zones/europe-north1-a/instanceGroupManagers/gke-terraform-tutori-terraform-tutori-dd10c1c5-grp",
                  "https://www.googleapis.com/compute/v1/projects/terraform-tutorial-293715/zones/europe-north1-b/instanceGroupManagers/gke-terraform-tutori-terraform-tutori-0285b040-grp"
                ],
                "management": [
                  {
                    "auto_repair": true,
                    "auto_upgrade": true
                  }
                ],
                "max_pods_per_node": 0,
                "name": "terraform-tutorial-293715-gke-node-pool",
                "name_prefix": "",
                "node_config": [
                  {
                    "disk_size_gb": 10,
                    "disk_type": "pd-standard",
                    "guest_accelerator": [],
                    "image_type": "COS",
                    "labels": {
                      "env": "terraform-tutorial-293715"
                    },
                    "local_ssd_count": 0,
                    "machine_type": "e2-micro",
                    "metadata": {
                      "disable-legacy-endpoints": "true"
                    },
                    "min_cpu_platform": "",
                    "oauth_scopes": [
                      "https://www.googleapis.com/auth/logging.write",
                      "https://www.googleapis.com/auth/monitoring"
                    ],
                    "preemptible": true,
                    "sandbox_config": [],
                    "service_account": "default",
                    "shielded_instance_config": [
                      {
                        "enable_integrity_monitoring": true,
                        "enable_secure_boot": false
                      }
                    ],
                    "tags": [
                      "gke-node",
                      "terraform-tutorial-293715-gke"
                    ],
                    "taint": [],
                    "workload_metadata_config": []
                  }
                ],
                "node_count": 1,
                "version": "1.16.13-gke.401"
              }
            ],
            "node_version": "1.16.13-gke.401",
            "operation": null,
            "pod_security_policy_config": [],
            "private_cluster_config": [],
            "project": "terraform-tutorial-293715",
            "region": null,
            "remove_default_node_pool": true,
            "resource_labels": {},
            "services_ipv4_cidr": "10.179.240.0/20",
            "subnetwork": "projects/terraform-tutorial-293715/regions/europe-north1/subnetworks/terraform-tutorial-293715-subnet",
            "timeouts": null,
            "vertical_pod_autoscaling": [],
            "zone": null
          },
          "private": "eyJlMmJmYjczMC1lY2FhLTExZTYtOGY4OC0zNDM2M2JjN2M0YzAiOnsiY3JlYXRlIjoyNDAwMDAwMDAwMDAwLCJkZWxldGUiOjI0MDAwMDAwMDAwMDAsInVwZGF0ZSI6MzYwMDAwMDAwMDAwMH0sInNjaGVtYV92ZXJzaW9uIjoiMSJ9",
          "dependencies": [
            "google_compute_network.vpc",
            "google_compute_subnetwork.subnet"
          ]
        }
      ]
    },
    {
      "mode": "managed",
      "type": "google_container_node_pool",
      "name": "primary_nodes",
      "provider": "provider[\"registry.terraform.io/hashicorp/google\"]",
      "instances": [
        {
          "schema_version": 1,
          "attributes": {
            "autoscaling": [],
            "cluster": "terraform-tutorial-293715-gke",
            "id": "projects/terraform-tutorial-293715/locations/europe-north1/clusters/terraform-tutorial-293715-gke/nodePools/terraform-tutorial-293715-gke-node-pool",
            "initial_node_count": 1,
            "instance_group_urls": [
              "https://www.googleapis.com/compute/v1/projects/terraform-tutorial-293715/zones/europe-north1-c/instanceGroupManagers/gke-terraform-tutori-terraform-tutori-05f00913-grp",
              "https://www.googleapis.com/compute/v1/projects/terraform-tutorial-293715/zones/europe-north1-a/instanceGroupManagers/gke-terraform-tutori-terraform-tutori-dd10c1c5-grp",
              "https://www.googleapis.com/compute/v1/projects/terraform-tutorial-293715/zones/europe-north1-b/instanceGroupManagers/gke-terraform-tutori-terraform-tutori-0285b040-grp"
            ],
            "location": "europe-north1",
            "management": [
              {
                "auto_repair": true,
                "auto_upgrade": true
              }
            ],
            "max_pods_per_node": null,
            "name": "terraform-tutorial-293715-gke-node-pool",
            "name_prefix": "",
            "node_config": [
              {
                "disk_size_gb": 10,
                "disk_type": "pd-standard",
                "guest_accelerator": [],
                "image_type": "COS",
                "labels": {
                  "env": "terraform-tutorial-293715"
                },
                "local_ssd_count": 0,
                "machine_type": "e2-micro",
                "metadata": {
                  "disable-legacy-endpoints": "true"
                },
                "min_cpu_platform": "",
                "oauth_scopes": [
                  "https://www.googleapis.com/auth/logging.write",
                  "https://www.googleapis.com/auth/monitoring"
                ],
                "preemptible": true,
                "sandbox_config": [],
                "service_account": "default",
                "shielded_instance_config": [
                  {
                    "enable_integrity_monitoring": true,
                    "enable_secure_boot": false
                  }
                ],
                "tags": [
                  "gke-node",
                  "terraform-tutorial-293715-gke"
                ],
                "taint": [],
                "workload_metadata_config": []
              }
            ],
            "node_count": 1,
            "project": "terraform-tutorial-293715",
            "region": null,
            "timeouts": null,
            "version": "1.16.13-gke.401",
            "zone": null
          },
          "private": "eyJlMmJmYjczMC1lY2FhLTExZTYtOGY4OC0zNDM2M2JjN2M0YzAiOnsiY3JlYXRlIjoxODAwMDAwMDAwMDAwLCJkZWxldGUiOjE4MDAwMDAwMDAwMDAsInVwZGF0ZSI6MTgwMDAwMDAwMDAwMH0sInNjaGVtYV92ZXJzaW9uIjoiMSJ9",
          "dependencies": [
            "google_compute_network.vpc",
            "google_compute_subnetwork.subnet",
            "google_container_cluster.primary"
          ]
        }
      ]
    }
  ]
}
