{
  "version": 4,
  "terraform_version": "0.13.5",
  "serial": 24,
  "lineage": "9b4def56-b042-6be4-17c9-8e53ffb91f1a",
  "outputs": {
    "region": {
      "value": "europe-north1",
      "type": "string"
    }
  },
  "resources": [
    {
      "mode": "data",
      "type": "google_project",
      "name": "this",
      "provider": "provider[\"registry.terraform.io/hashicorp/google\"]",
      "instances": [
        {
          "schema_version": 0,
          "attributes": {
            "auto_create_network": null,
            "billing_account": null,
            "folder_id": null,
            "id": "projects/e-com-node-js",
            "labels": {},
            "name": "e-com-node-js",
            "number": "583577316105",
            "org_id": null,
            "project_id": "e-com-node-js",
            "skip_delete": null
          }
        }
      ]
    },
    {
      "mode": "managed",
      "type": "google_compute_network",
      "name": "vpc",
      "provider": "provider[\"registry.terraform.io/hashicorp/google\"]",
      "instances": [
        {
          "schema_version": 0,
          "attributes": {
            "auto_create_subnetworks": false,
            "delete_default_routes_on_create": false,
            "description": "",
            "gateway_ipv4": "",
            "id": "projects/e-com-node-js/global/networks/e-com-node-js-vpc",
            "mtu": 0,
            "name": "e-com-node-js-vpc",
            "project": "e-com-node-js",
            "routing_mode": "REGIONAL",
            "self_link": "https://www.googleapis.com/compute/v1/projects/e-com-node-js/global/networks/e-com-node-js-vpc",
            "timeouts": null
          },
          "private": "eyJlMmJmYjczMC1lY2FhLTExZTYtOGY4OC0zNDM2M2JjN2M0YzAiOnsiY3JlYXRlIjoyNDAwMDAwMDAwMDAsImRlbGV0ZSI6MjQwMDAwMDAwMDAwLCJ1cGRhdGUiOjI0MDAwMDAwMDAwMH19"
        }
      ]
    },
    {
      "mode": "managed",
      "type": "google_compute_subnetwork",
      "name": "subnet",
      "provider": "provider[\"registry.terraform.io/hashicorp/google\"]",
      "instances": [
        {
          "schema_version": 0,
          "attributes": {
            "creation_timestamp": "2020-11-04T13:12:58.196-08:00",
            "description": "",
            "fingerprint": null,
            "gateway_address": "10.10.0.1",
            "id": "projects/e-com-node-js/regions/europe-north1/subnetworks/e-com-node-js-subnet",
            "ip_cidr_range": "10.10.0.0/24",
            "log_config": [],
            "name": "e-com-node-js-subnet",
            "network": "https://www.googleapis.com/compute/v1/projects/e-com-node-js/global/networks/e-com-node-js-vpc",
            "private_ip_google_access": false,
            "private_ipv6_google_access": "DISABLE_GOOGLE_ACCESS",
            "project": "e-com-node-js",
            "region": "europe-north1",
            "secondary_ip_range": [],
            "self_link": "https://www.googleapis.com/compute/v1/projects/e-com-node-js/regions/europe-north1/subnetworks/e-com-node-js-subnet",
            "timeouts": null
          },
          "private": "eyJlMmJmYjczMC1lY2FhLTExZTYtOGY4OC0zNDM2M2JjN2M0YzAiOnsiY3JlYXRlIjozNjAwMDAwMDAwMDAsImRlbGV0ZSI6MzYwMDAwMDAwMDAwLCJ1cGRhdGUiOjM2MDAwMDAwMDAwMH19",
          "dependencies": [
            "google_compute_network.vpc"
          ]
        }
      ]
    },
    {
      "mode": "managed",
      "type": "google_container_cluster",
      "name": "primary",
      "provider": "provider[\"registry.terraform.io/hashicorp/google\"]",
      "instances": [
        {
          "status": "tainted",
          "schema_version": 1,
          "attributes": {
            "addons_config": [
              {
                "cloudrun_config": [],
                "horizontal_pod_autoscaling": [],
                "http_load_balancing": [],
                "network_policy_config": [
                  {
                    "disabled": true
                  }
                ]
              }
            ],
            "authenticator_groups_config": [],
            "cluster_autoscaling": [
              {
                "auto_provisioning_defaults": [],
                "enabled": false,
                "resource_limits": []
              }
            ],
            "cluster_ipv4_cidr": "10.204.0.0/14",
            "database_encryption": [
              {
                "key_name": "",
                "state": "DECRYPTED"
              }
            ],
            "default_max_pods_per_node": null,
            "description": "",
            "enable_binary_authorization": false,
            "enable_intranode_visibility": null,
            "enable_kubernetes_alpha": false,
            "enable_legacy_abac": true,
            "enable_shielded_nodes": false,
            "enable_tpu": null,
            "endpoint": "35.228.36.41",
            "id": "projects/e-com-node-js/locations/europe-north1/clusters/e-com-node-js-gke",
            "initial_node_count": 1,
            "instance_group_urls": [
              "https://www.googleapis.com/compute/v1/projects/e-com-node-js/zones/europe-north1-a/instanceGroups/gke-e-com-node-js-gk-e-com-node-js-gk-d290d6f0-grp",
              "https://www.googleapis.com/compute/v1/projects/e-com-node-js/zones/europe-north1-b/instanceGroups/gke-e-com-node-js-gk-e-com-node-js-gk-04d5f241-grp",
              "https://www.googleapis.com/compute/v1/projects/e-com-node-js/zones/europe-north1-c/instanceGroups/gke-e-com-node-js-gk-e-com-node-js-gk-c8704a19-grp"
            ],
            "ip_allocation_policy": [],
            "label_fingerprint": "a9dc16a7",
            "location": "europe-north1",
            "logging_service": "logging.googleapis.com/kubernetes",
            "maintenance_policy": [],
            "master_auth": [
              {
                "client_certificate": "LS0tLS1CRUdJTiBDRVJUSUZJQ0FURS0tLS0tCk1JSUMvRENDQWVTZ0F3SUJBZ0lSQU16cWhaUVN5Sm5hYlZVNWN5b1lYd293RFFZSktvWklodmNOQVFFTEJRQXcKTHpFdE1Dc0dBMVVFQXhNa1pUbGhNakJoWkdZdE9ERmpaaTAwWTJFM0xXRTNZbVV0WlRFNFpqYzFaVEJqTjJKbQpNQjRYRFRJd01URXdOREl4TXpjek9Wb1hEVEkxTVRFd016SXhNemN6T1Zvd0VURVBNQTBHQTFVRUF4TUdZMnhwClpXNTBNSUlCSWpBTkJna3Foa2lHOXcwQkFRRUZBQU9DQVE4QU1JSUJDZ0tDQVFFQXlyTkhYNjdZdVNzRFN0WnEKa0Ird29nL3pkMnlRZzZhTGlmWkZOSVhLcWVjRnBFNE8wMUMvRUp1YWwwekNqc0xJY2FBZnMyZXpTZmFlUnBQVApGMStBUXhPSkYySmYxdFpFMW1IeTlPaWQvc1FDZEV1dGNNYnVBYTZWN0tBTEo3bFp6VlhnYlVlRFduVTFLd0M1CmNtV0RTN0xNc0VHcnBqZ0VuYzJMZE1jNUVGRXBjQUcrWDFJNkRGYUg1a01IbUZUZW5QSmxYdExCUFFqSGl3OVIKMGNjK01sTFdVWjNqeW1lMHBqUW41MEltRVc0VUtnRE5OQWhXZDF4UVNxVnhxK3piUDNzdjYzWndwTTF3MWFHOApOT0pJRE1lK1RLM0hCcTh3STZUQzRoSEVKcklNbG1PQXZKL1FBQXpBU1AvTTlzQ0J5czJmQkhFQ0dJYlJhbkxMClJvcFRUUUlEQVFBQm96RXdMekFNQmdOVkhSTUJBZjhFQWpBQU1COEdBMVVkSXdRWU1CYUFGSU1IZVRlNWFQVngKaTJYNmNnVGxzMFRzalhlK01BMEdDU3FHU0liM0RRRUJDd1VBQTRJQkFRQTJFU2puTThZT2FKYmZWNG5SUVNmRApSZzdUM1d6V1BhcWFqNGNMMnN1S1hLWGZoZFVGaUZVNjZkK2VOdkpwSzJEMGprN0g0dXplS2JCOExFTGRmaEhMCjFaQ1l4bEsxbDNiamQyNldzKzNZS3EvOVU4YmZTcUZYQWNmZWk2dlJJTWRWVXR1M0JucDg3VnFDTG5WYXRTZkYKMk1GZzJjc1E4Ymx0WnVCQmtDZHR5aWU3c01LYVNFdEx6NE5vK3BvdVVXTUVVdzB3Z0w4aktVNjk3dTJkcWlHdgp2SWlpYjlqQjRyQ2k5bHNLZTh4ZlRldEhFOEp3M2tZWmE1Q3dqb3htVlI5S0JqeVJUb1VxZ04yLy95b2FZTmxGClo0SEFzTWhXY05iZks1VmZXYUI4SzJpOWpSWFcxT25pWCtISFgrdWx3NCtadTVmaE95SkJEdjIwR1BWa3NoOWUKLS0tLS1FTkQgQ0VSVElGSUNBVEUtLS0tLQo=",
                "client_certificate_config": [
                  {
                    "issue_client_certificate": true
                  }
                ],
                "client_key": "LS0tLS1CRUdJTiBSU0EgUFJJVkFURSBLRVktLS0tLQpNSUlFb3dJQkFBS0NBUUVBeXJOSFg2N1l1U3NEU3RacWtCK3dvZy96ZDJ5UWc2YUxpZlpGTklYS3FlY0ZwRTRPCjAxQy9FSnVhbDB6Q2pzTEljYUFmczJlelNmYWVScFBURjErQVF4T0pGMkpmMXRaRTFtSHk5T2lkL3NRQ2RFdXQKY01idUFhNlY3S0FMSjdsWnpWWGdiVWVEV25VMUt3QzVjbVdEUzdMTXNFR3JwamdFbmMyTGRNYzVFRkVwY0FHKwpYMUk2REZhSDVrTUhtRlRlblBKbFh0TEJQUWpIaXc5UjBjYytNbExXVVozanltZTBwalFuNTBJbUVXNFVLZ0ROCk5BaFdkMXhRU3FWeHEremJQM3N2NjNad3BNMXcxYUc4Tk9KSURNZStUSzNIQnE4d0k2VEM0aEhFSnJJTWxtT0EKdkovUUFBekFTUC9NOXNDQnlzMmZCSEVDR0liUmFuTExSb3BUVFFJREFRQUJBb0lCQUV5ZlQzUWlib2MwZExhbAo3YnRVVjFzenAyZDE4UHpyQ0dWYTVCY3lHZ1Yyc0dISEpnQ0lUZWxUd0xDLzBlM1FRSi8vRk95bTN4V3U5VzZkCmM1YXF3WnZaZHlHUlRNUXowK3FzTlFDU0xDTkJhZUlYTjFWaHhWZDZiTzc1SXE1ZCtNM1BVQnBQQlo2OG5xQUcKVXBPbFB1ZnZDMFAzVnhEcXJRZ1B5azhXL2dHbDE2Qk9rRXdmQ2QxU2VpSEx6cUFVZ3g1TDhVRGRkR3QvRy9YNApiZU81UVBhMEg2VnhZeGtmMjhEK3FlMmpORUp5bFpsZ0NOYUs0VW16OUZXeGhsT2Y2NHBjVWltY29hQ2tZYU8yCjRsR1BMNDhOOG9vWGdMRURmclFsekk4QUQ2dXVWQlhXUmZKdVRDU3BaM09ETVBYN2ZzNWhjMXVpOTFJT25aMWcKTFpjdlVPc0NnWUVBK0tDdFVRZ0lwdFNXc05JMGdaZmNxRklIbEdURk95VUhWUE1MNEQ1NWZ0U3JkMmFtejlPLwpCWWd0clJJd0x6VHdRMEc0U0xUTGpQSlg3cGFPL3R6ZzlueTg5SDJYdG1hNnNqUXl3dk5JQ3RKTFlGVExDbTZFCnNubFFaNkd1a2N0NHp6WTFxSUtrRE92T0Jva1lqYjJrTVNWVE0xYXlzdTRCLzRKK08yamZrUHNDZ1lFQTBMWDQKR0ZtbEtZQkhEUWhVSmFSWUNwMUpNcXcrWU5ONUIxeHBCa3pzMGtXS0ZPaGhvMHZBWi9qSXBqMmhLekJ1MzRaUgpzN05CTU9scjEyd3RiaVEvOHBCRHlKenRJcUZCVjFtbjZWMGRuL0svN3JkVGNVMnZPVmtwL3k1V3JQNUhJQmxOClhwejNlUW9DVXd0cmdkemlLMytSRUhVdDBJeEgzWVFYNUpwZXlsY0NnWUJWREJGOVVIUTFMUzlHMlFEZys2T2QKYUVIemZ1MEFxRS96dlJmbzR6WUlMcE5neXBweEtRdUV4dXBvODNuTURCM0x3K1ZYNlpCZmJGNnIzSkNabWREUwpRQ1VhdFFONmYzV0prOVZ4WG1yY1dNY3o4bzFweWhoV1BLMUdaY1lqVlNqRUtOVCtDWUk0Y1VrT2IwTVk2VEFMCko2dG9PbFh5WXZ3SC9RbFZKVENrbFFLQmdDVmNyZkVOK3pjV3M2RnRvRUtzek9YNWlpVDhHSjZVdk5ISWhUU1AKaU1XTGxWQncyU20yWWRjNi9oQmtiL21mVGZuTnZjcUJpR1lOSXpVSk5JakhESHVMdjlhbDRQMldDSEJ1cUZScQpTdWRiT1dpdWdNMkRycDZCaTdjV3dJVnZiNlFiWTNKUWZ5eTMwZnF6ektjT3Q1NDUwK295VCtWSmQ0UDhKWnJTCjE2MDVBb0dCQUxRY01mZG5ZV0xlcjJlT2diKzJzdU9YV1hMbHA5cWtpR3EzdzljeDFZR2cwemt5N05TKzM1OUcKZ1dtNEFzaGFCaGRzUmVIZTRKZWRjRnhTNWVqZExqZ2o0bmc3aVRKM1F5L3NObFltN3o4YzIzbGJQMjM2ZEMxbwplY2NGWGJEZmZBb1lwcnlGZ21GWjErSlByUExKVjFsR1BGcXpRQXVOREJuS2Rrc1dZNk15Ci0tLS0tRU5EIFJTQSBQUklWQVRFIEtFWS0tLS0tCg==",
                "cluster_ca_certificate": "LS0tLS1CRUdJTiBDRVJUSUZJQ0FURS0tLS0tCk1JSURLekNDQWhPZ0F3SUJBZ0lSQU4wNzlrUSs2SzBtZ0hVQWJCOUFiZWd3RFFZSktvWklodmNOQVFFTEJRQXcKTHpFdE1Dc0dBMVVFQXhNa1pUbGhNakJoWkdZdE9ERmpaaTAwWTJFM0xXRTNZbVV0WlRFNFpqYzFaVEJqTjJKbQpNQjRYRFRJd01URXdOREl3TXpjek9Gb1hEVEkxTVRFd016SXhNemN6T0Zvd0x6RXRNQ3NHQTFVRUF4TWtaVGxoCk1qQmhaR1l0T0RGalppMDBZMkUzTFdFM1ltVXRaVEU0WmpjMVpUQmpOMkptTUlJQklqQU5CZ2txaGtpRzl3MEIKQVFFRkFBT0NBUThBTUlJQkNnS0NBUUVBak55ZUthWW16SWN0YWxqa0pGc05qK0Y5NjZtdGxUZWtUa0pIbWh4eApOM0RaelF5TTc4N0swRlAxVk85OXN1bldjSVFIMkM4NjYwV2hXYUljUUdHbVFPZmdPWXFWQUdEODY2c280MEk2CjRKU1g1UW41MC91NmlWU3hqSklDTVVqclpOU2gxem9ySmZnK3o3bkNleis2clh5RjRvRStibHRGQWcxQXh0N04KMHh2OFBSQWFRaWFvTmNtcDFGR0czaGVQTGZjWmxVdTB6bE1Qa2J4M2JVMXJFRUFRQjVxVDFOSWdaSkgrNUxzeAo1c2EyU2twL2dnVzNKWlVZZlFlakVyK2xlTWNTZWVTZkN2NXR3L0dRNjUxUXFqN1pXT1RCM0dkMHhwSWJHUTFSCjNsOTY4Vnh1M0g0TG0xWGlhbnkrNEduOUY3TnU5bW1oa1FWUGJ3bGRLMm1JZ1FJREFRQUJvMEl3UURBT0JnTlYKSFE4QkFmOEVCQU1DQWdRd0R3WURWUjBUQVFIL0JBVXdBd0VCL3pBZEJnTlZIUTRFRmdRVWd3ZDVON2xvOVhHTApaZnB5Qk9XelJPeU5kNzR3RFFZSktvWklodmNOQVFFTEJRQURnZ0VCQUNVaWxvMDRqcm95Z2VvOE1WcXlLRmxsCmplUWF0dEhaL1VJODdhS0tmc0RseTAxSlliRTVCVXFMYXMySFNYV0lHM2xNNGdFOFhCRGczSDc0bnIvbFFzdXMKdDB0bEF2MmRONEpudUtiZkdDdWVSL0N2a24zcmxLOHNDSkUvM2F0WHh3SjF1bnQ5TUpxTVdLWkRWc3RFWkdBMgpydUJTaHBGMEtDL1JkOEZxY2JIOEl1M1FiWXArSmFiVDRaajBrR2VXaTFnWDZJZ01RemRObFVvVW01TmhOUzRHClI1NUhEOUQwM1gvRGxlQnpKUldiQU1uS28rVnZOQ05mbnR1dU1YV0VmOHZsQ25INkpONTZDVC9kQTlEeS92ejAKZWw4VVRjc1ZzaUFNSTU3SjA4N25QL1A0Qjh5UFczdDd2ZXArb1ZzUFlLNmp6UEhvYjhDRFg5dmRoNk44TVdFPQotLS0tLUVORCBDRVJUSUZJQ0FURS0tLS0tCg==",
                "password": "psLlDuCrZ8ph1bRa",
                "username": "e-com-node-js-user"
              }
            ],
            "master_authorized_networks_config": [],
            "master_version": "1.16.13-gke.401",
            "min_master_version": null,
            "monitoring_service": "monitoring.googleapis.com/kubernetes",
            "name": "e-com-node-js-gke",
            "network": "projects/e-com-node-js/global/networks/e-com-node-js-vpc",
            "network_policy": [
              {
                "enabled": false,
                "provider": "PROVIDER_UNSPECIFIED"
              }
            ],
            "node_config": [
              {
                "disk_size_gb": 10,
                "disk_type": "pd-standard",
                "guest_accelerator": [],
                "image_type": "COS",
                "labels": {
                  "env": "e-com-node-js"
                },
                "local_ssd_count": 0,
                "machine_type": "e2-micro",
                "metadata": {
                  "disable-legacy-endpoints": "true"
                },
                "min_cpu_platform": "",
                "oauth_scopes": [
                  "https://www.googleapis.com/auth/logging.write",
                  "https://www.googleapis.com/auth/monitoring"
                ],
                "preemptible": true,
                "service_account": "default",
                "shielded_instance_config": [
                  {
                    "enable_integrity_monitoring": true,
                    "enable_secure_boot": false
                  }
                ],
                "tags": [
                  "gke-node",
                  "e-com-node-js-gke"
                ],
                "taint": [],
                "workload_metadata_config": []
              }
            ],
            "node_locations": [
              "europe-north1-a",
              "europe-north1-b",
              "europe-north1-c"
            ],
            "node_pool": [
              {
                "autoscaling": [],
                "initial_node_count": 1,
                "instance_group_urls": [
                  "https://www.googleapis.com/compute/v1/projects/e-com-node-js/zones/europe-north1-a/instanceGroupManagers/gke-e-com-node-js-gk-e-com-node-js-gk-d290d6f0-grp",
                  "https://www.googleapis.com/compute/v1/projects/e-com-node-js/zones/europe-north1-b/instanceGroupManagers/gke-e-com-node-js-gk-e-com-node-js-gk-04d5f241-grp",
                  "https://www.googleapis.com/compute/v1/projects/e-com-node-js/zones/europe-north1-c/instanceGroupManagers/gke-e-com-node-js-gk-e-com-node-js-gk-c8704a19-grp"
                ],
                "management": [
                  {
                    "auto_repair": true,
                    "auto_upgrade": true
                  }
                ],
                "max_pods_per_node": 0,
                "name": "e-com-node-js-gke-node-pool",
                "name_prefix": "",
                "node_config": [
                  {
                    "disk_size_gb": 10,
                    "disk_type": "pd-standard",
                    "guest_accelerator": [],
                    "image_type": "COS",
                    "labels": {
                      "env": "e-com-node-js"
                    },
                    "local_ssd_count": 0,
                    "machine_type": "e2-micro",
                    "metadata": {
                      "disable-legacy-endpoints": "true"
                    },
                    "min_cpu_platform": "",
                    "oauth_scopes": [
                      "https://www.googleapis.com/auth/logging.write",
                      "https://www.googleapis.com/auth/monitoring"
                    ],
                    "preemptible": true,
                    "service_account": "default",
                    "shielded_instance_config": [
                      {
                        "enable_integrity_monitoring": true,
                        "enable_secure_boot": false
                      }
                    ],
                    "tags": [
                      "gke-node",
                      "e-com-node-js-gke"
                    ],
                    "taint": [],
                    "workload_metadata_config": []
                  }
                ],
                "node_count": 1,
                "node_locations": [
                  "europe-north1-a",
                  "europe-north1-b",
                  "europe-north1-c"
                ],
                "upgrade_settings": [
                  {
                    "max_surge": 1,
                    "max_unavailable": 0
                  }
                ],
                "version": "1.16.13-gke.401"
              }
            ],
            "node_version": "1.16.13-gke.401",
            "operation": null,
            "pod_security_policy_config": [],
            "private_cluster_config": [],
            "project": "e-com-node-js",
            "release_channel": [
              {
                "channel": "UNSPECIFIED"
              }
            ],
            "remove_default_node_pool": true,
            "resource_labels": {},
            "resource_usage_export_config": [],
            "self_link": "https://container.googleapis.com/v1beta1/projects/e-com-node-js/locations/europe-north1/clusters/e-com-node-js-gke",
            "services_ipv4_cidr": "10.207.240.0/20",
            "subnetwork": "projects/e-com-node-js/regions/europe-north1/subnetworks/e-com-node-js-subnet",
            "timeouts": null,
            "vertical_pod_autoscaling": [],
            "workload_identity_config": []
          },
          "private": "eyJlMmJmYjczMC1lY2FhLTExZTYtOGY4OC0zNDM2M2JjN2M0YzAiOnsiY3JlYXRlIjoyNDAwMDAwMDAwMDAwLCJkZWxldGUiOjI0MDAwMDAwMDAwMDAsInJlYWQiOjI0MDAwMDAwMDAwMDAsInVwZGF0ZSI6MzYwMDAwMDAwMDAwMH0sInNjaGVtYV92ZXJzaW9uIjoiMSJ9",
          "dependencies": [
            "google_compute_network.vpc",
            "google_compute_subnetwork.subnet"
          ]
        }
      ]
    },
    {
      "mode": "managed",
      "type": "google_container_node_pool",
      "name": "primary_nodes",
      "provider": "provider[\"registry.terraform.io/hashicorp/google\"]",
      "instances": [
        {
          "schema_version": 1,
          "attributes": {
            "autoscaling": [],
            "cluster": "e-com-node-js-gke",
            "id": "projects/e-com-node-js/locations/europe-north1/clusters/e-com-node-js-gke/nodePools/e-com-node-js-gke-node-pool",
            "initial_node_count": 1,
            "instance_group_urls": [
              "https://www.googleapis.com/compute/v1/projects/e-com-node-js/zones/europe-north1-a/instanceGroupManagers/gke-e-com-node-js-gk-e-com-node-js-gk-d290d6f0-grp",
              "https://www.googleapis.com/compute/v1/projects/e-com-node-js/zones/europe-north1-b/instanceGroupManagers/gke-e-com-node-js-gk-e-com-node-js-gk-04d5f241-grp",
              "https://www.googleapis.com/compute/v1/projects/e-com-node-js/zones/europe-north1-c/instanceGroupManagers/gke-e-com-node-js-gk-e-com-node-js-gk-c8704a19-grp"
            ],
            "location": "europe-north1",
            "management": [
              {
                "auto_repair": true,
                "auto_upgrade": true
              }
            ],
            "max_pods_per_node": null,
            "name": "e-com-node-js-gke-node-pool",
            "name_prefix": "",
            "node_config": [
              {
                "disk_size_gb": 10,
                "disk_type": "pd-standard",
                "guest_accelerator": [],
                "image_type": "COS",
                "labels": {
                  "env": "e-com-node-js"
                },
                "local_ssd_count": 0,
                "machine_type": "e2-micro",
                "metadata": {
                  "disable-legacy-endpoints": "true"
                },
                "min_cpu_platform": "",
                "oauth_scopes": [
                  "https://www.googleapis.com/auth/logging.write",
                  "https://www.googleapis.com/auth/monitoring"
                ],
                "preemptible": true,
                "service_account": "default",
                "shielded_instance_config": [
                  {
                    "enable_integrity_monitoring": true,
                    "enable_secure_boot": false
                  }
                ],
                "tags": [
                  "gke-node",
                  "e-com-node-js-gke"
                ],
                "taint": [],
                "workload_metadata_config": []
              }
            ],
            "node_count": 1,
            "node_locations": [
              "europe-north1-a",
              "europe-north1-b",
              "europe-north1-c"
            ],
            "project": "e-com-node-js",
            "timeouts": null,
            "upgrade_settings": [
              {
                "max_surge": 1,
                "max_unavailable": 0
              }
            ],
            "version": "1.16.13-gke.401"
          },
          "private": "eyJlMmJmYjczMC1lY2FhLTExZTYtOGY4OC0zNDM2M2JjN2M0YzAiOnsiY3JlYXRlIjoxODAwMDAwMDAwMDAwLCJkZWxldGUiOjE4MDAwMDAwMDAwMDAsInVwZGF0ZSI6MTgwMDAwMDAwMDAwMH0sInNjaGVtYV92ZXJzaW9uIjoiMSJ9",
          "dependencies": [
            "google_compute_network.vpc",
            "google_compute_subnetwork.subnet",
            "google_container_cluster.primary"
          ]
        }
      ]
    },
    {
      "mode": "managed",
      "type": "google_project_iam_member",
      "name": "cloudbuild_sa_editor",
      "provider": "provider[\"registry.terraform.io/hashicorp/google\"]",
      "instances": [
        {
          "schema_version": 0,
          "attributes": {
            "condition": [],
            "etag": "BwWzTnG895k=",
            "id": "e-com-node-js/roles/editor/serviceaccount:583577316105@cloudbuild.gserviceaccount.com",
            "member": "serviceAccount:583577316105@cloudbuild.gserviceaccount.com",
            "project": "e-com-node-js",
            "role": "roles/editor"
          },
          "private": "bnVsbA==",
          "dependencies": [
            "data.google_project.this",
            "google_project_service.cloudbuild"
          ]
        }
      ]
    },
    {
      "mode": "managed",
      "type": "google_project_service",
      "name": "cloudbuild",
      "provider": "provider[\"registry.terraform.io/hashicorp/google\"]",
      "instances": [
        {
          "schema_version": 0,
          "attributes": {
            "disable_dependent_services": null,
            "disable_on_destroy": false,
            "id": "e-com-node-js/cloudbuild.googleapis.com",
            "project": "e-com-node-js",
            "service": "cloudbuild.googleapis.com",
            "timeouts": null
          },
          "private": "eyJlMmJmYjczMC1lY2FhLTExZTYtOGY4OC0zNDM2M2JjN2M0YzAiOnsiY3JlYXRlIjoxMjAwMDAwMDAwMDAwLCJkZWxldGUiOjEyMDAwMDAwMDAwMDAsInJlYWQiOjYwMDAwMDAwMDAwMCwidXBkYXRlIjoxMjAwMDAwMDAwMDAwfX0="
        }
      ]
    },
    {
      "mode": "managed",
      "type": "google_project_service",
      "name": "cloudresourcemanager",
      "provider": "provider[\"registry.terraform.io/hashicorp/google\"]",
      "instances": [
        {
          "schema_version": 0,
          "attributes": {
            "disable_dependent_services": null,
            "disable_on_destroy": false,
            "id": "e-com-node-js/cloudresourcemanager.googleapis.com",
            "project": "e-com-node-js",
            "service": "cloudresourcemanager.googleapis.com",
            "timeouts": null
          },
          "private": "eyJlMmJmYjczMC1lY2FhLTExZTYtOGY4OC0zNDM2M2JjN2M0YzAiOnsiY3JlYXRlIjoxMjAwMDAwMDAwMDAwLCJkZWxldGUiOjEyMDAwMDAwMDAwMDAsInJlYWQiOjYwMDAwMDAwMDAwMCwidXBkYXRlIjoxMjAwMDAwMDAwMDAwfX0="
        }
      ]
    },
    {
      "mode": "managed",
      "type": "google_project_service",
      "name": "compute",
      "provider": "provider[\"registry.terraform.io/hashicorp/google\"]",
      "instances": [
        {
          "schema_version": 0,
          "attributes": {
            "disable_dependent_services": null,
            "disable_on_destroy": false,
            "id": "e-com-node-js/compute.googleapis.com",
            "project": "e-com-node-js",
            "service": "compute.googleapis.com",
            "timeouts": null
          },
          "private": "eyJlMmJmYjczMC1lY2FhLTExZTYtOGY4OC0zNDM2M2JjN2M0YzAiOnsiY3JlYXRlIjoxMjAwMDAwMDAwMDAwLCJkZWxldGUiOjEyMDAwMDAwMDAwMDAsInJlYWQiOjYwMDAwMDAwMDAwMCwidXBkYXRlIjoxMjAwMDAwMDAwMDAwfX0="
        }
      ]
    },
    {
      "mode": "managed",
      "type": "google_project_service",
      "name": "container",
      "provider": "provider[\"registry.terraform.io/hashicorp/google\"]",
      "instances": [
        {
          "schema_version": 0,
          "attributes": {
            "disable_dependent_services": null,
            "disable_on_destroy": false,
            "id": "e-com-node-js/container.googleapis.com",
            "project": "e-com-node-js",
            "service": "container.googleapis.com",
            "timeouts": null
          },
          "private": "eyJlMmJmYjczMC1lY2FhLTExZTYtOGY4OC0zNDM2M2JjN2M0YzAiOnsiY3JlYXRlIjoxMjAwMDAwMDAwMDAwLCJkZWxldGUiOjEyMDAwMDAwMDAwMDAsInJlYWQiOjYwMDAwMDAwMDAwMCwidXBkYXRlIjoxMjAwMDAwMDAwMDAwfX0="
        }
      ]
    },
    {
      "mode": "managed",
      "type": "helm_release",
      "name": "cert-manager",
      "provider": "provider[\"registry.terraform.io/hashicorp/helm\"]",
      "instances": [
        {
          "schema_version": 0,
          "attributes": {
            "atomic": false,
            "chart": "cert-manager",
            "cleanup_on_fail": false,
            "create_namespace": true,
            "dependency_update": false,
            "description": null,
            "devel": null,
            "disable_crd_hooks": false,
            "disable_openapi_validation": false,
            "disable_webhooks": false,
            "force_update": false,
            "id": "my-cert-manager",
            "keyring": null,
            "lint": false,
            "max_history": 0,
            "metadata": [
              {
                "app_version": "v1.0.4",
                "chart": "cert-manager",
                "name": "my-cert-manager",
                "namespace": "cert-manager",
                "revision": 1,
                "values": "null",
                "version": "v1.0.4"
              }
            ],
            "name": "my-cert-manager",
            "namespace": "cert-manager",
            "postrender": [],
            "recreate_pods": false,
            "render_subchart_notes": true,
            "replace": false,
            "repository": "https://charts.jetstack.io",
            "repository_ca_file": null,
            "repository_cert_file": null,
            "repository_key_file": null,
            "repository_password": null,
            "repository_username": null,
            "reset_values": false,
            "reuse_values": false,
            "set": [],
            "set_sensitive": [],
            "set_string": [],
            "skip_crds": false,
            "status": "deployed",
            "timeout": 300,
            "values": null,
            "verify": false,
            "version": "v1.0.4",
            "wait": true
          },
          "private": "bnVsbA==",
          "dependencies": [
            "google_compute_network.vpc",
            "google_compute_subnetwork.subnet",
            "google_container_cluster.primary"
          ]
        }
      ]
    },
    {
      "mode": "managed",
      "type": "helm_release",
      "name": "ingress-nginx",
      "provider": "provider[\"registry.terraform.io/hashicorp/helm\"]",
      "instances": [
        {
          "schema_version": 0,
          "attributes": {
            "atomic": false,
            "chart": "ingress-nginx",
            "cleanup_on_fail": false,
            "create_namespace": false,
            "dependency_update": false,
            "description": null,
            "devel": null,
            "disable_crd_hooks": false,
            "disable_openapi_validation": false,
            "disable_webhooks": false,
            "force_update": false,
            "id": "my-ingress-nginx",
            "keyring": null,
            "lint": false,
            "max_history": 0,
            "metadata": [
              {
                "app_version": "0.40.2",
                "chart": "ingress-nginx",
                "name": "my-ingress-nginx",
                "namespace": "default",
                "revision": 1,
                "values": "null",
                "version": "3.7.1"
              }
            ],
            "name": "my-ingress-nginx",
            "namespace": "default",
            "postrender": [],
            "recreate_pods": false,
            "render_subchart_notes": true,
            "replace": false,
            "repository": "https://kubernetes.github.io/ingress-nginx",
            "repository_ca_file": null,
            "repository_cert_file": null,
            "repository_key_file": null,
            "repository_password": null,
            "repository_username": null,
            "reset_values": false,
            "reuse_values": false,
            "set": [],
            "set_sensitive": [],
            "set_string": [],
            "skip_crds": false,
            "status": "deployed",
            "timeout": 300,
            "values": null,
            "verify": false,
            "version": "3.7.1",
            "wait": true
          },
          "private": "bnVsbA==",
          "dependencies": [
            "google_compute_network.vpc",
            "google_compute_subnetwork.subnet",
            "google_container_cluster.primary"
          ]
        }
      ]
    },
    {
      "mode": "managed",
      "type": "null_resource",
      "name": "generate_local_kubectl",
      "provider": "provider[\"registry.terraform.io/hashicorp/null\"]",
      "instances": [
        {
          "status": "tainted",
          "schema_version": 0,
          "attributes": {
            "id": "811651724863949777",
            "triggers": null
          },
          "private": "bnVsbA==",
          "dependencies": [
            "google_compute_network.vpc",
            "google_compute_subnetwork.subnet",
            "google_container_cluster.primary"
          ]
        }
      ]
    }
  ]
}
