{
  "version": 4,
  "terraform_version": "0.13.5",
  "serial": 75,
  "lineage": "d5cd0de3-9d6b-3d9a-0a2b-ddef6a6036df",
  "outputs": {
    "region": {
      "value": "europe-north1",
      "type": "string"
    }
  },
  "resources": [
    {
      "mode": "managed",
      "type": "google_compute_network",
      "name": "vpc",
      "provider": "provider[\"registry.terraform.io/hashicorp/google\"]",
      "instances": [
        {
          "schema_version": 0,
          "attributes": {
            "auto_create_subnetworks": false,
            "delete_default_routes_on_create": false,
            "description": "",
            "gateway_ipv4": "",
            "id": "projects/terraform-tutorial-293715/global/networks/terraform-tutorial-293715-vpc",
            "ipv4_range": null,
            "name": "terraform-tutorial-293715-vpc",
            "project": "terraform-tutorial-293715",
            "routing_mode": "REGIONAL",
            "self_link": "https://www.googleapis.com/compute/v1/projects/terraform-tutorial-293715/global/networks/terraform-tutorial-293715-vpc",
            "timeouts": null
          },
          "private": "eyJlMmJmYjczMC1lY2FhLTExZTYtOGY4OC0zNDM2M2JjN2M0YzAiOnsiY3JlYXRlIjoyNDAwMDAwMDAwMDAsImRlbGV0ZSI6MjQwMDAwMDAwMDAwLCJ1cGRhdGUiOjI0MDAwMDAwMDAwMH19"
        }
      ]
    },
    {
      "mode": "managed",
      "type": "google_compute_subnetwork",
      "name": "subnet",
      "provider": "provider[\"registry.terraform.io/hashicorp/google\"]",
      "instances": [
        {
          "schema_version": 0,
          "attributes": {
            "creation_timestamp": "2020-11-02T23:03:00.570-08:00",
            "description": "",
            "enable_flow_logs": null,
            "fingerprint": null,
            "gateway_address": "10.10.0.1",
            "id": "projects/terraform-tutorial-293715/regions/europe-north1/subnetworks/terraform-tutorial-293715-subnet",
            "ip_cidr_range": "10.10.0.0/24",
            "log_config": [],
            "name": "terraform-tutorial-293715-subnet",
            "network": "https://www.googleapis.com/compute/v1/projects/terraform-tutorial-293715/global/networks/terraform-tutorial-293715-vpc",
            "private_ip_google_access": false,
            "project": "terraform-tutorial-293715",
            "region": "europe-north1",
            "secondary_ip_range": [],
            "self_link": "https://www.googleapis.com/compute/v1/projects/terraform-tutorial-293715/regions/europe-north1/subnetworks/terraform-tutorial-293715-subnet",
            "timeouts": null
          },
          "private": "eyJlMmJmYjczMC1lY2FhLTExZTYtOGY4OC0zNDM2M2JjN2M0YzAiOnsiY3JlYXRlIjozNjAwMDAwMDAwMDAsImRlbGV0ZSI6MzYwMDAwMDAwMDAwLCJ1cGRhdGUiOjM2MDAwMDAwMDAwMH19",
          "dependencies": [
            "google_compute_network.vpc"
          ]
        }
      ]
    },
    {
      "mode": "managed",
      "type": "google_container_cluster",
      "name": "primary",
      "provider": "provider[\"registry.terraform.io/hashicorp/google\"]",
      "instances": [
        {
          "schema_version": 1,
          "attributes": {
            "additional_zones": [],
            "addons_config": [
              {
                "horizontal_pod_autoscaling": [],
                "http_load_balancing": [],
                "kubernetes_dashboard": [],
                "network_policy_config": [
                  {
                    "disabled": true
                  }
                ]
              }
            ],
            "authenticator_groups_config": [],
            "cluster_autoscaling": [
              {
                "auto_provisioning_defaults": [],
                "enabled": false,
                "resource_limits": []
              }
            ],
            "cluster_ipv4_cidr": "10.176.0.0/14",
            "default_max_pods_per_node": null,
            "description": "",
            "enable_binary_authorization": null,
            "enable_intranode_visibility": null,
            "enable_kubernetes_alpha": false,
            "enable_legacy_abac": true,
            "enable_tpu": null,
            "endpoint": "35.228.41.148",
            "id": "projects/terraform-tutorial-293715/locations/europe-north1/clusters/terraform-tutorial-293715-gke",
            "initial_node_count": 1,
            "instance_group_urls": [],
            "ip_allocation_policy": [],
            "location": "europe-north1",
            "logging_service": "logging.googleapis.com/kubernetes",
            "maintenance_policy": [],
            "master_auth": [
              {
                "client_certificate": "LS0tLS1CRUdJTiBDRVJUSUZJQ0FURS0tLS0tCk1JSUMrekNDQWVPZ0F3SUJBZ0lRSEpLNWdhZDFGSkt2Q05WZ2VIVEZRekFOQmdrcWhraUc5dzBCQVFzRkFEQXYKTVMwd0t3WURWUVFERXlRMk9XSm1ZbVE0WXkxa01XSTBMVFJrT1RNdE9UZ3lOaTFoTkdJeU5USm1NbUpsTkdNdwpIaGNOTWpBeE1UQXpNRGN3TXpFNFdoY05NalV4TVRBeU1EY3dNekU0V2pBUk1ROHdEUVlEVlFRREV3WmpiR2xsCmJuUXdnZ0VpTUEwR0NTcUdTSWIzRFFFQkFRVUFBNElCRHdBd2dnRUtBb0lCQVFETG9id29IQkNQajNjdngyR1cKYnZsNldhb1Zidi90K29SQStKSXR2ejBDcEFBekd4TU00anFYRHZwREllRndLanR0VVhDaFdHaUR6NUF6YXNqZQpyWGhvTmluVjg1RC9XdGxpZThXUnVkUlFPTmEzL3NIL2dmNUlveWFQWWM1UkdpeEFoVzZUK1Q1UzEzZEhBaWJyClJ2OWdYQnI2U3dXdmN0WnZxczZrL0JxQTRTUnhpK2NKWWIyTmsxbHJZdDl0WEVFNGZURnE4aVF5aWpvdzdUelIKZEd1WnRCMzlTY2Z5WHpKQk5XRHpTS050TmdVZEdXSUkwc2xKaWFvMVhUSFc3UFlIK21Oc09JeFBWRncvemRocQpVK1N2aTlhT2RFOVVjaXZnbEZsQ28yZ0tjQmQrRUV2b1hkRFVtblF5MmlTUlIySk1ZRFYwWkMrU2ZDaUgxNXgxCm8zNkpBZ01CQUFHak1UQXZNQXdHQTFVZEV3RUIvd1FDTUFBd0h3WURWUjBqQkJnd0ZvQVV4UjdZbmJpWElNZkUKYUdQL3RyYm1UcEhWSW53d0RRWUpLb1pJaHZjTkFRRUxCUUFEZ2dFQkFHZ20yMU1BNTBDSkV5VDhDQmRzSnlaZApwZjg1T21uVjlObjU1d1IvMC9YSTdHeXFDcVZtNEZCRkVtRWgvL1J1enI1R2p3Wk5ENXI3enI2d0ZwbkpqMW00CndLYTVYeUZWbVJLcHJoSlRzVkpXUTY2WlNtTVlkdEdTc2V2SUFxLzNtVzNqRms1d3M2aHVsbnpaZE15Q1hzWXYKQm1Ra21ydjlvTmhlTWprSXk0N2FuenFRKysrckFWN1p1TlllK3FRODBJc01YM2Z1a2VpcTREbjMvYll0czM1SApiV2F2azFFc1I2SEdRRjh1em8rZlZPT240dWFmZk4xb2JCYmQ4aHJsVHByMEdtN2d4RlZTeFN6Z00rKzlkQ2NiClNpbkVFN3BYa3N6RWNyb25SV0MzNCtBTTBmNnM5cFB2SjVQcWNHSndVSXdBcFQ1T2ZTMUd2UGFpUGU4cU5Raz0KLS0tLS1FTkQgQ0VSVElGSUNBVEUtLS0tLQo=",
                "client_certificate_config": [
                  {
                    "issue_client_certificate": true
                  }
                ],
                "client_key": "LS0tLS1CRUdJTiBSU0EgUFJJVkFURSBLRVktLS0tLQpNSUlFb3dJQkFBS0NBUUVBeTZHOEtCd1FqNDkzTDhkaGxtNzVlbG1xRlc3LzdmcUVRUGlTTGI4OUFxUUFNeHNUCkRPSTZsdzc2UXlIaGNDbzdiVkZ3b1Zob2c4K1FNMnJJM3ExNGFEWXAxZk9RLzFyWlludkZrYm5VVURqV3QvN0IKLzRIK1NLTW1qMkhPVVJvc1FJVnVrL2srVXRkM1J3SW02MGIvWUZ3YStrc0ZyM0xXYjZyT3BQd2FnT0VrY1l2bgpDV0c5alpOWmEyTGZiVnhCT0gweGF2SWtNb282TU8wODBYUnJtYlFkL1VuSDhsOHlRVFZnODBpamJUWUZIUmxpCkNOTEpTWW1xTlYweDF1ejJCL3BqYkRpTVQxUmNQODNZYWxQa3I0dldqblJQVkhJcjRKUlpRcU5vQ25BWGZoQkwKNkYzUTFKcDBNdG9ra1VkaVRHQTFkR1F2a253b2g5ZWNkYU4raVFJREFRQUJBb0lCQUY3ZGdMNUE0Tmc0c29KdwpSUDdqd1ZibUdjNDFjWWFwTEY3bVRwZUFYY2h5cGVNcExGVld1WXZ4UHRieW5FZDRiVW9PNUVWT1hoWjJKc3hGClpjSVRsNklaQmFGMmdLanQ1cE15YlVib0IwaStTZzNhNGY4S1RQQUREZTVEVnU1Q25yWUtVNHNkVlJNYjdTWUkKRXlDTjZXQTNXSndkUWs5TDFTbWRyZnAvdGtzdWdoMHljOW9RT2pmOG5xUStIWi9Da283REJlSGtiZHhrcWZtRQo5SXZ3S0poVHBSSTl1ODMvV0xjN3FwMW1lR29aT3EwMHZYN0dtdFc3UE05dnNXZ3p4MkZ4Y250TDJhc21pb1lkCmw5UytzZXVGR0ZBTUR6bG1iTG5VK3BjTXhscGZ6cU91UXViZXVqTUlPbzluNzNTRWgwemkwVjkzODVEZlFFU2kKMndIRVhPOENnWUVBL3JJV3RMR1ZRRnhETkFZNkZubGw4Q0swdXJFdHczc1h4T2VFRlV6ZWR2bFM4TnJoYm1DeQpJM0lTVkZFdEhrZTlTbjhNYlFWQWRIUXNiNW5OTDVLMGRyY2pRSDJpYXM5UWxxRHdkT0dVTmgrSVc5Q0Q2VVp5CmxwZml4WUdiSWtteWczL3R4bm1SckZCaEZuNHpVdkF3bEM3RU5ZcDNHRUpMK0NHUGlRYmFpYnNDZ1lFQXpLeXoKVXNNNVZXOHoxNWdLUzNuS1FJVzRIL1BHVE11NzMwb3pFMzcyU0t2bDlXWERvNG1rWWNycm5FVzdURUpkUmw4TgpYK2cvdTJGM0JCZXcyblhxYmh1OG5zWHZLanVZNjBSVlZGSkRvK1V5Mit5eGxPOHhBWlYzbXYxblpQc1RpZTFJClFxd01GSW1BdnJNZ0tpT3d5dzlrV1FJUlFSemtSSk1EYVdhaHdvc0NnWUFKbmxvaktzMnpKNGpXTHlJRWRVTTMKUldoRDRLc1V4ZEpJK21GUG1KNlNLYXBMTkVqdExUT3RDUUxPTWw2YzFTSzk3SHhncGFFZ2hMNmszRThXYTlqcQozdEd5L3N1aWN2L2RJR2pVVVN5U3VyQWduNGhMeUFCTjFhQ1h5dVE3OEVLUW1zVTFDS1JLdUtKaUFoUVlIc0FHCjZKazZXR2RWQURQMFEvZ3l1WktKUHdLQmdGYkFkSm1GeWMxZWZ2aklwc1JxOE1EOGJKaU9lT1NnRGhlTW1hMlAKeU0vd25GMnhMb1VvbUJZakxrNWtlQWpRc0R4ZG1ZdW5JeXhIR1cwUXBaTlRHM1JrS1VTYTNNNW55RjhmN1pMNQo4MVdLbGs0Rk94ZkhjbHdiZ0VDZlc2Mi9oZjZXSm1Tc0M4ckFwV012QlZrWEc1NVYvZENFUWMvNWNQOW4yTEJhCklnSVZBb0dCQU45amtCSEY3R20rNnIwZFVnNVVqT0lqM3RIZ3Nrdm1TY1MrWnNpVzdLRm9OdkxDcWFYRFNwcUEKZlFOTkNLTVRWL0Z0cE56clViMXkyN1VCU3N4eXR4N1JjTURJQU5pcklsWHRjaFJhVHJZTFpxYm4zK2I2VG1FQgpNdHR4ak5HK3E5ZUdxdGVEb1pBTjhxL0ZGRkZON05lWGpCWmg4YzZmWWQ3UzlObGZ0MWd2Ci0tLS0tRU5EIFJTQSBQUklWQVRFIEtFWS0tLS0tCg==",
                "cluster_ca_certificate": "LS0tLS1CRUdJTiBDRVJUSUZJQ0FURS0tLS0tCk1JSURLakNDQWhLZ0F3SUJBZ0lRZDJ2ajVWTm1vRFBxdi9iaHJqcDM4akFOQmdrcWhraUc5dzBCQVFzRkFEQXYKTVMwd0t3WURWUVFERXlRMk9XSm1ZbVE0WXkxa01XSTBMVFJrT1RNdE9UZ3lOaTFoTkdJeU5USm1NbUpsTkdNdwpIaGNOTWpBeE1UQXpNRFl3TXpFM1doY05NalV4TVRBeU1EY3dNekUzV2pBdk1TMHdLd1lEVlFRREV5UTJPV0ptClltUTRZeTFrTVdJMExUUmtPVE10T1RneU5pMWhOR0l5TlRKbU1tSmxOR013Z2dFaU1BMEdDU3FHU0liM0RRRUIKQVFVQUE0SUJEd0F3Z2dFS0FvSUJBUUNuRFhMcVArOUswbUhqRHBFY0puQzlQNFl4Y3lmSGNaSktUeStka0labApYSWw3cE16QzJCTkhZT2IrOVA4VVR0Mk51ZXF5VWx4TFQ0VUhOSjYrbjAwbDQ2aldFTGNndDRVVDcyRy9MbS9qCndGU3dvbWZ6V0p1VjVXcGx1RXhxLzFWb1lVbFhscEVEOFhJRkNJNU1jeXcxTHFDNHdLS1E0YnNhYVlBSUFDeWwKdzFDQlhZc3ozQjFyYzNYM2xDeE1kNlN2cmhMNGNBM2drQ1VMd2l3eUp4ZStJU05HMkFWMHM0WlliN3JxNkNMZAowNkdFT1RuMWpDc2JNSXk0bHk0OWtUTUZIeUsrMERUazZTSTFURS9RVWtkTVZ0NXMxSFVBcHZLZkprWTB0NTh4Ckk4bjZheElyWityT1cvQ0YweW9hRWJLSUtQK2c0WFJ0RkNHR2FtRTFTVERYQWdNQkFBR2pRakJBTUE0R0ExVWQKRHdFQi93UUVBd0lDQkRBUEJnTlZIUk1CQWY4RUJUQURBUUgvTUIwR0ExVWREZ1FXQkJURkh0aWR1SmNneDhSbwpZLysydHVaT2tkVWlmREFOQmdrcWhraUc5dzBCQVFzRkFBT0NBUUVBZDdVSVZsVFRscGdCaThoMVdKZFhBaEhVCk5rdWg2T1FMVWVaMTQzbENyV05SenppOG5NSjNKNm8wTktZMkMyaFJxb2RLYnk2blFxMzdMd0NmTDhjcVRrQVAKREZQUVlmYzlFREt1UTZQYnh1d0R5S0FsK2RFcTV4TDBJVE5JUGYxNnl6ZDkzZTVUUHVGM2I0SjhjTWZFbkpoVwppTmZEamhFbUpaSWpvODA3MUFUcGxhY0NVVWlhRDBOSll6NEhzalVRcmh1SXF6cXVmL0JTUW5mQmJlVldWQVN3Ck8xZXh5aDlWMXpyVVkyaVhYc1g1Zko1V3VFUDExU0FpK1F2cXNDN1l2S0NValBWajY1bkdNL21wRmdlaUJsVTUKamdRSzVzN3V5MGJSZHFSY2xFTU9UcXA1Nlh3SFVQb3MxV1BEMDllZFA3czVqTnZsd3MyUUFNRWVocFk2ZGc9PQotLS0tLUVORCBDRVJUSUZJQ0FURS0tLS0tCg==",
                "password": "",
                "username": ""
              }
            ],
            "master_authorized_networks_config": [],
            "master_version": "1.16.13-gke.401",
            "min_master_version": null,
            "monitoring_service": "monitoring.googleapis.com/kubernetes",
            "name": "terraform-tutorial-293715-gke",
            "network": "projects/terraform-tutorial-293715/global/networks/terraform-tutorial-293715-vpc",
            "network_policy": [
              {
                "enabled": false,
                "provider": "PROVIDER_UNSPECIFIED"
              }
            ],
            "node_config": [],
            "node_locations": [
              "europe-north1-a",
              "europe-north1-b",
              "europe-north1-c"
            ],
            "node_pool": [],
            "node_version": "1.16.13-gke.401",
            "operation": null,
            "pod_security_policy_config": null,
            "private_cluster_config": [],
            "project": "terraform-tutorial-293715",
            "region": null,
            "remove_default_node_pool": true,
            "resource_labels": null,
            "services_ipv4_cidr": "10.179.240.0/20",
            "subnetwork": "projects/terraform-tutorial-293715/regions/europe-north1/subnetworks/terraform-tutorial-293715-subnet",
            "timeouts": null,
            "vertical_pod_autoscaling": [],
            "zone": null
          },
          "private": "eyJlMmJmYjczMC1lY2FhLTExZTYtOGY4OC0zNDM2M2JjN2M0YzAiOnsiY3JlYXRlIjoyNDAwMDAwMDAwMDAwLCJkZWxldGUiOjI0MDAwMDAwMDAwMDAsInVwZGF0ZSI6MzYwMDAwMDAwMDAwMH0sInNjaGVtYV92ZXJzaW9uIjoiMSJ9",
          "dependencies": [
            "google_compute_network.vpc",
            "google_compute_subnetwork.subnet"
          ]
        }
      ]
    },
    {
      "mode": "managed",
      "type": "google_container_node_pool",
      "name": "primary_nodes",
      "provider": "provider[\"registry.terraform.io/hashicorp/google\"]",
      "instances": [
        {
          "schema_version": 1,
          "attributes": {
            "autoscaling": [],
            "cluster": "terraform-tutorial-293715-gke",
            "id": "projects/terraform-tutorial-293715/locations/europe-north1/clusters/terraform-tutorial-293715-gke/nodePools/terraform-tutorial-293715-gke-node-pool",
            "initial_node_count": 1,
            "instance_group_urls": [
              "https://www.googleapis.com/compute/v1/projects/terraform-tutorial-293715/zones/europe-north1-b/instanceGroupManagers/gke-terraform-tutori-terraform-tutori-4e846853-grp",
              "https://www.googleapis.com/compute/v1/projects/terraform-tutorial-293715/zones/europe-north1-c/instanceGroupManagers/gke-terraform-tutori-terraform-tutori-b995cb68-grp",
              "https://www.googleapis.com/compute/v1/projects/terraform-tutorial-293715/zones/europe-north1-a/instanceGroupManagers/gke-terraform-tutori-terraform-tutori-c71cbb46-grp"
            ],
            "location": "europe-north1",
            "management": [
              {
                "auto_repair": true,
                "auto_upgrade": true
              }
            ],
            "max_pods_per_node": null,
            "name": "terraform-tutorial-293715-gke-node-pool",
            "name_prefix": "",
            "node_config": [
              {
                "disk_size_gb": 10,
                "disk_type": "pd-standard",
                "guest_accelerator": [],
                "image_type": "COS",
                "labels": {
                  "env": "terraform-tutorial-293715"
                },
                "local_ssd_count": 0,
                "machine_type": "e2-micro",
                "metadata": {
                  "disable-legacy-endpoints": "true"
                },
                "min_cpu_platform": "",
                "oauth_scopes": [
                  "https://www.googleapis.com/auth/logging.write",
                  "https://www.googleapis.com/auth/monitoring"
                ],
                "preemptible": true,
                "sandbox_config": [],
                "service_account": "default",
                "shielded_instance_config": [
                  {
                    "enable_integrity_monitoring": true,
                    "enable_secure_boot": false
                  }
                ],
                "tags": [
                  "gke-node",
                  "terraform-tutorial-293715-gke"
                ],
                "taint": [],
                "workload_metadata_config": []
              }
            ],
            "node_count": 1,
            "project": "terraform-tutorial-293715",
            "region": null,
            "timeouts": null,
            "version": "1.16.13-gke.401",
            "zone": null
          },
          "private": "eyJlMmJmYjczMC1lY2FhLTExZTYtOGY4OC0zNDM2M2JjN2M0YzAiOnsiY3JlYXRlIjoxODAwMDAwMDAwMDAwLCJkZWxldGUiOjE4MDAwMDAwMDAwMDAsInVwZGF0ZSI6MTgwMDAwMDAwMDAwMH0sInNjaGVtYV92ZXJzaW9uIjoiMSJ9",
          "dependencies": [
            "google_compute_network.vpc",
            "google_compute_subnetwork.subnet",
            "google_container_cluster.primary"
          ]
        }
      ]
    },
    {
      "mode": "managed",
      "type": "helm_release",
      "name": "cert-manager",
      "provider": "provider[\"registry.terraform.io/hashicorp/helm\"]",
      "instances": [
        {
          "schema_version": 0,
          "attributes": {
            "atomic": false,
            "chart": "cert-manager",
            "cleanup_on_fail": false,
            "create_namespace": true,
            "dependency_update": false,
            "description": null,
            "devel": null,
            "disable_crd_hooks": false,
            "disable_openapi_validation": false,
            "disable_webhooks": false,
            "force_update": false,
            "id": "my-cert-manager",
            "keyring": null,
            "lint": false,
            "max_history": 0,
            "metadata": [
              {
                "app_version": "v1.0.4",
                "chart": "cert-manager",
                "name": "my-cert-manager",
                "namespace": "cert-manager",
                "revision": 1,
                "values": "{}",
                "version": "v1.0.4"
              }
            ],
            "name": "my-cert-manager",
            "namespace": "cert-manager",
            "postrender": [],
            "recreate_pods": false,
            "render_subchart_notes": true,
            "replace": false,
            "repository": "https://charts.jetstack.io",
            "repository_ca_file": null,
            "repository_cert_file": null,
            "repository_key_file": null,
            "repository_password": null,
            "repository_username": null,
            "reset_values": false,
            "reuse_values": false,
            "set": [],
            "set_sensitive": [],
            "set_string": [],
            "skip_crds": false,
            "status": "deployed",
            "timeout": 300,
            "values": null,
            "verify": false,
            "version": "v1.0.4",
            "wait": true
          },
          "private": "bnVsbA==",
          "dependencies": [
            "google_compute_network.vpc",
            "google_compute_subnetwork.subnet",
            "google_container_cluster.primary"
          ]
        }
      ]
    },
    {
      "mode": "managed",
      "type": "helm_release",
      "name": "ingress-nginx",
      "provider": "provider[\"registry.terraform.io/hashicorp/helm\"]",
      "instances": [
        {
          "schema_version": 0,
          "attributes": {
            "atomic": false,
            "chart": "ingress-nginx",
            "cleanup_on_fail": false,
            "create_namespace": false,
            "dependency_update": false,
            "description": null,
            "devel": null,
            "disable_crd_hooks": false,
            "disable_openapi_validation": false,
            "disable_webhooks": false,
            "force_update": false,
            "id": "my-ingress-nginx",
            "keyring": null,
            "lint": false,
            "max_history": 0,
            "metadata": [
              {
                "app_version": "0.40.2",
                "chart": "ingress-nginx",
                "name": "my-ingress-nginx",
                "namespace": "default",
                "revision": 1,
                "values": "{}",
                "version": "3.7.1"
              }
            ],
            "name": "my-ingress-nginx",
            "namespace": "default",
            "postrender": [],
            "recreate_pods": false,
            "render_subchart_notes": true,
            "replace": false,
            "repository": "https://kubernetes.github.io/ingress-nginx",
            "repository_ca_file": null,
            "repository_cert_file": null,
            "repository_key_file": null,
            "repository_password": null,
            "repository_username": null,
            "reset_values": false,
            "reuse_values": false,
            "set": [],
            "set_sensitive": [],
            "set_string": [],
            "skip_crds": false,
            "status": "deployed",
            "timeout": 300,
            "values": null,
            "verify": false,
            "version": "3.7.1",
            "wait": true
          },
          "private": "bnVsbA==",
          "dependencies": [
            "google_compute_network.vpc",
            "google_compute_subnetwork.subnet",
            "google_container_cluster.primary"
          ]
        }
      ]
    }
  ]
}
